// !$*UTF8*$!
{
	archiveVersion = 1;
	classes = {
	};
	objectVersion = 52;
	objects = {

/* Begin PBXBuildFile section */
		A50F98A2266F98E10047A4EE /* TestExtensions.swift in Sources */ = {isa = PBXBuildFile; fileRef = A50F98A1266F98E10047A4EE /* TestExtensions.swift */; };
		A50F98A4266F994C0047A4EE /* TestFactories.swift in Sources */ = {isa = PBXBuildFile; fileRef = A50F98A3266F994C0047A4EE /* TestFactories.swift */; };
		A50F98A7266F99BA0047A4EE /* HttpClientSpy.swift in Sources */ = {isa = PBXBuildFile; fileRef = A50F98A6266F99BA0047A4EE /* HttpClientSpy.swift */; };
		A50F98A9266F9A0C0047A4EE /* AccountModelFactory.swift in Sources */ = {isa = PBXBuildFile; fileRef = A50F98A8266F9A0C0047A4EE /* AccountModelFactory.swift */; };
		A50F98B8266FAD2F0047A4EE /* Infra.framework in Frameworks */ = {isa = PBXBuildFile; fileRef = A50F98AF266FAD2F0047A4EE /* Infra.framework */; };
		A50F98BD266FAD2F0047A4EE /* AlamofireAdapterTests.swift in Sources */ = {isa = PBXBuildFile; fileRef = A50F98BC266FAD2F0047A4EE /* AlamofireAdapterTests.swift */; };
		A50F98C6266FAE210047A4EE /* Data.framework in Frameworks */ = {isa = PBXBuildFile; fileRef = A5BC11DD26652BBF003D4F0A /* Data.framework */; };
		A50F98C7266FAE210047A4EE /* Data.framework in Embed Frameworks */ = {isa = PBXBuildFile; fileRef = A5BC11DD26652BBF003D4F0A /* Data.framework */; settings = {ATTRIBUTES = (CodeSignOnCopy, RemoveHeadersOnCopy, ); }; };
		A50F98CC266FAE4D0047A4EE /* TestExtensions.swift in Sources */ = {isa = PBXBuildFile; fileRef = A50F98A1266F98E10047A4EE /* TestExtensions.swift */; };
		A50F98CD266FAE560047A4EE /* TestFactories.swift in Sources */ = {isa = PBXBuildFile; fileRef = A50F98A3266F994C0047A4EE /* TestFactories.swift */; };
		A52AF6A126727A0100876CA2 /* AlamofireAdapter.swift in Sources */ = {isa = PBXBuildFile; fileRef = A52AF6A026727A0100876CA2 /* AlamofireAdapter.swift */; };
		A52AF6A526727BA600876CA2 /* UrlProtocolStub.swift in Sources */ = {isa = PBXBuildFile; fileRef = A52AF6A426727BA600876CA2 /* UrlProtocolStub.swift */; };
		A5518A322677CDF500515DE6 /* SignUpViewModel.swift in Sources */ = {isa = PBXBuildFile; fileRef = A5A44F8E26779E4C00288E2D /* SignUpViewModel.swift */; };
		A564CA302667D072002DC162 /* DomainError.swift in Sources */ = {isa = PBXBuildFile; fileRef = A564CA2F2667D072002DC162 /* DomainError.swift */; };
		A58543DC2677A5B400682F6F /* AlertViewSpy.swift in Sources */ = {isa = PBXBuildFile; fileRef = A58543DB2677A5B400682F6F /* AlertViewSpy.swift */; };
		A58543DF2677A5F900682F6F /* EmailValidatorSpy.swift in Sources */ = {isa = PBXBuildFile; fileRef = A58543DE2677A5F900682F6F /* EmailValidatorSpy.swift */; };
		A58543E32677A63D00682F6F /* AddAccountSpy.swift in Sources */ = {isa = PBXBuildFile; fileRef = A58543E22677A63D00682F6F /* AddAccountSpy.swift */; };
		A58543E52677A67B00682F6F /* LoadingViewSpy.swift in Sources */ = {isa = PBXBuildFile; fileRef = A58543E42677A67B00682F6F /* LoadingViewSpy.swift */; };
		A58543E82677A73200682F6F /* TestFactories.swift in Sources */ = {isa = PBXBuildFile; fileRef = A58543E72677A73200682F6F /* TestFactories.swift */; };
		A58543F72677BC6A00682F6F /* UI.framework in Frameworks */ = {isa = PBXBuildFile; fileRef = A58543EE2677BC6900682F6F /* UI.framework */; };
		A58543FC2677BC6A00682F6F /* SignUpViewControllerTests.swift in Sources */ = {isa = PBXBuildFile; fileRef = A58543FB2677BC6A00682F6F /* SignUpViewControllerTests.swift */; };
		A58544052677BD6E00682F6F /* Presentation.framework in Frameworks */ = {isa = PBXBuildFile; fileRef = A5FA2E0E267389ED0045F2E8 /* Presentation.framework */; };
		A58544062677BD6E00682F6F /* Presentation.framework in Embed Frameworks */ = {isa = PBXBuildFile; fileRef = A5FA2E0E267389ED0045F2E8 /* Presentation.framework */; settings = {ATTRIBUTES = (CodeSignOnCopy, RemoveHeadersOnCopy, ); }; };
		A585440B2677BF6800682F6F /* SignUpViewController.swift in Sources */ = {isa = PBXBuildFile; fileRef = A585440A2677BF6800682F6F /* SignUpViewController.swift */; };
		A585440F2677C06500682F6F /* SignUp.storyboard in Resources */ = {isa = PBXBuildFile; fileRef = A585440E2677C06500682F6F /* SignUp.storyboard */; };
		A5A44F8A267784C300288E2D /* TestExtensions.swift in Sources */ = {isa = PBXBuildFile; fileRef = A50F98A1266F98E10047A4EE /* TestExtensions.swift */; };
		A5A44F8C2677923100288E2D /* LoadingView.swift in Sources */ = {isa = PBXBuildFile; fileRef = A5A44F8B2677923100288E2D /* LoadingView.swift */; };
		A5A44F8F26779E4C00288E2D /* SignUpViewModel.swift in Sources */ = {isa = PBXBuildFile; fileRef = A5A44F8E26779E4C00288E2D /* SignUpViewModel.swift */; };
		A5A44F9126779EAC00288E2D /* SignUpMapper.swift in Sources */ = {isa = PBXBuildFile; fileRef = A5A44F9026779EAC00288E2D /* SignUpMapper.swift */; };
		A5A44F9226779F7B00288E2D /* SignUpPresenter.swift in Sources */ = {isa = PBXBuildFile; fileRef = A5FA2E2526739AC10045F2E8 /* SignUpPresenter.swift */; };
		A5A44F932677A03500288E2D /* Data.framework in Frameworks */ = {isa = PBXBuildFile; fileRef = A5BC11DD26652BBF003D4F0A /* Data.framework */; };
		A5A44F942677A03500288E2D /* Data.framework in Embed Frameworks */ = {isa = PBXBuildFile; fileRef = A5BC11DD26652BBF003D4F0A /* Data.framework */; settings = {ATTRIBUTES = (CodeSignOnCopy, RemoveHeadersOnCopy, ); }; };
		A5BC11D526652A4E003D4F0A /* AddAccount.swift in Sources */ = {isa = PBXBuildFile; fileRef = A5BC11D426652A4E003D4F0A /* AddAccount.swift */; };
		A5BC11D726652B74003D4F0A /* AccountModel.swift in Sources */ = {isa = PBXBuildFile; fileRef = A5BC11D626652B74003D4F0A /* AccountModel.swift */; };
		A5BC11E626652BBF003D4F0A /* Data.framework in Frameworks */ = {isa = PBXBuildFile; fileRef = A5BC11DD26652BBF003D4F0A /* Data.framework */; };
		A5BC11EB26652BBF003D4F0A /* RemoteAddAccountTests.swift in Sources */ = {isa = PBXBuildFile; fileRef = A5BC11EA26652BBF003D4F0A /* RemoteAddAccountTests.swift */; };
		A5BC11F526652BEB003D4F0A /* Domain.framework in Frameworks */ = {isa = PBXBuildFile; fileRef = A5BC11CC266524D9003D4F0A /* Domain.framework */; };
		A5BC11F626652BEB003D4F0A /* Domain.framework in Embed Frameworks */ = {isa = PBXBuildFile; fileRef = A5BC11CC266524D9003D4F0A /* Domain.framework */; settings = {ATTRIBUTES = (CodeSignOnCopy, RemoveHeadersOnCopy, ); }; };
		A5BE33FF2667AE9E000E360E /* Model.swift in Sources */ = {isa = PBXBuildFile; fileRef = A5BE33FE2667AE9E000E360E /* Model.swift */; };
		A5BE34012667AF7C000E360E /* RemoteAddAccount.swift in Sources */ = {isa = PBXBuildFile; fileRef = A5BE34002667AF7C000E360E /* RemoteAddAccount.swift */; };
		A5BE34032667AFC5000E360E /* HttpPostClient.swift in Sources */ = {isa = PBXBuildFile; fileRef = A5BE34022667AFC5000E360E /* HttpPostClient.swift */; };
		A5D06B76266E426200960538 /* HttpError.swift in Sources */ = {isa = PBXBuildFile; fileRef = A5D06B75266E426200960538 /* HttpError.swift */; };
		A5E553332670EEF6002624DB /* Alamofire in Frameworks */ = {isa = PBXBuildFile; productRef = A5E553322670EEF6002624DB /* Alamofire */; };
		A5FA2E17267389ED0045F2E8 /* Presentation.framework in Frameworks */ = {isa = PBXBuildFile; fileRef = A5FA2E0E267389ED0045F2E8 /* Presentation.framework */; };
		A5FA2E1C267389ED0045F2E8 /* SignUpPresenterTests.swift in Sources */ = {isa = PBXBuildFile; fileRef = A5FA2E1B267389ED0045F2E8 /* SignUpPresenterTests.swift */; };
		A5FA2E2726739AF20045F2E8 /* Domain.framework in Frameworks */ = {isa = PBXBuildFile; fileRef = A5BC11CC266524D9003D4F0A /* Domain.framework */; };
		A5FA2E2826739AF20045F2E8 /* Domain.framework in Embed Frameworks */ = {isa = PBXBuildFile; fileRef = A5BC11CC266524D9003D4F0A /* Domain.framework */; settings = {ATTRIBUTES = (CodeSignOnCopy, RemoveHeadersOnCopy, ); }; };
		A5FA2E2E26739B8D0045F2E8 /* AlertView.swift in Sources */ = {isa = PBXBuildFile; fileRef = A5FA2E2D26739B8D0045F2E8 /* AlertView.swift */; };
		A5FA2E332673A5D80045F2E8 /* EmailValidator.swift in Sources */ = {isa = PBXBuildFile; fileRef = A5FA2E322673A5D80045F2E8 /* EmailValidator.swift */; };
		A5FA2E342673D3F00045F2E8 /* AccountModelFactory.swift in Sources */ = {isa = PBXBuildFile; fileRef = A50F98A8266F9A0C0047A4EE /* AccountModelFactory.swift */; };
		A5FAE90F266E8ADD00681E61 /* ExtensionHelpers.swift in Sources */ = {isa = PBXBuildFile; fileRef = A5FAE90E266E8ADD00681E61 /* ExtensionHelpers.swift */; };
/* End PBXBuildFile section */

/* Begin PBXContainerItemProxy section */
		A50F98B9266FAD2F0047A4EE /* PBXContainerItemProxy */ = {
			isa = PBXContainerItemProxy;
			containerPortal = A5BC11A82665242C003D4F0A /* Project object */;
			proxyType = 1;
			remoteGlobalIDString = A50F98AE266FAD2F0047A4EE;
			remoteInfo = Infra;
		};
		A50F98C8266FAE210047A4EE /* PBXContainerItemProxy */ = {
			isa = PBXContainerItemProxy;
			containerPortal = A5BC11A82665242C003D4F0A /* Project object */;
			proxyType = 1;
			remoteGlobalIDString = A5BC11DC26652BBF003D4F0A;
			remoteInfo = Data;
		};
		A58543F82677BC6A00682F6F /* PBXContainerItemProxy */ = {
			isa = PBXContainerItemProxy;
			containerPortal = A5BC11A82665242C003D4F0A /* Project object */;
			proxyType = 1;
			remoteGlobalIDString = A58543ED2677BC6900682F6F;
			remoteInfo = UI;
		};
		A58544072677BD6E00682F6F /* PBXContainerItemProxy */ = {
			isa = PBXContainerItemProxy;
			containerPortal = A5BC11A82665242C003D4F0A /* Project object */;
			proxyType = 1;
			remoteGlobalIDString = A5FA2E0D267389ED0045F2E8;
			remoteInfo = Presentation;
		};
		A5A44F952677A03500288E2D /* PBXContainerItemProxy */ = {
			isa = PBXContainerItemProxy;
			containerPortal = A5BC11A82665242C003D4F0A /* Project object */;
			proxyType = 1;
			remoteGlobalIDString = A5BC11DC26652BBF003D4F0A;
			remoteInfo = Data;
		};
		A5BC11E726652BBF003D4F0A /* PBXContainerItemProxy */ = {
			isa = PBXContainerItemProxy;
			containerPortal = A5BC11A82665242C003D4F0A /* Project object */;
			proxyType = 1;
			remoteGlobalIDString = A5BC11DC26652BBF003D4F0A;
			remoteInfo = Data;
		};
		A5BC11F726652BEB003D4F0A /* PBXContainerItemProxy */ = {
			isa = PBXContainerItemProxy;
			containerPortal = A5BC11A82665242C003D4F0A /* Project object */;
			proxyType = 1;
			remoteGlobalIDString = A5BC11CB266524D9003D4F0A;
			remoteInfo = Domain;
		};
		A5FA2E18267389ED0045F2E8 /* PBXContainerItemProxy */ = {
			isa = PBXContainerItemProxy;
			containerPortal = A5BC11A82665242C003D4F0A /* Project object */;
			proxyType = 1;
			remoteGlobalIDString = A5FA2E0D267389ED0045F2E8;
			remoteInfo = Presentation;
		};
		A5FA2E2926739AF20045F2E8 /* PBXContainerItemProxy */ = {
			isa = PBXContainerItemProxy;
			containerPortal = A5BC11A82665242C003D4F0A /* Project object */;
			proxyType = 1;
			remoteGlobalIDString = A5BC11CB266524D9003D4F0A;
			remoteInfo = Domain;
		};
/* End PBXContainerItemProxy section */

/* Begin PBXCopyFilesBuildPhase section */
		A50F98CA266FAE220047A4EE /* Embed Frameworks */ = {
			isa = PBXCopyFilesBuildPhase;
			buildActionMask = 2147483647;
			dstPath = "";
			dstSubfolderSpec = 10;
			files = (
				A50F98C7266FAE210047A4EE /* Data.framework in Embed Frameworks */,
			);
			name = "Embed Frameworks";
			runOnlyForDeploymentPostprocessing = 0;
		};
		A58544092677BD6E00682F6F /* Embed Frameworks */ = {
			isa = PBXCopyFilesBuildPhase;
			buildActionMask = 2147483647;
			dstPath = "";
			dstSubfolderSpec = 10;
			files = (
				A58544062677BD6E00682F6F /* Presentation.framework in Embed Frameworks */,
			);
			name = "Embed Frameworks";
			runOnlyForDeploymentPostprocessing = 0;
		};
		A5BC11F926652BEB003D4F0A /* Embed Frameworks */ = {
			isa = PBXCopyFilesBuildPhase;
			buildActionMask = 2147483647;
			dstPath = "";
			dstSubfolderSpec = 10;
			files = (
				A5BC11F626652BEB003D4F0A /* Domain.framework in Embed Frameworks */,
			);
			name = "Embed Frameworks";
			runOnlyForDeploymentPostprocessing = 0;
		};
		A5FA2E2B26739AF20045F2E8 /* Embed Frameworks */ = {
			isa = PBXCopyFilesBuildPhase;
			buildActionMask = 2147483647;
			dstPath = "";
			dstSubfolderSpec = 10;
			files = (
				A5A44F942677A03500288E2D /* Data.framework in Embed Frameworks */,
				A5FA2E2826739AF20045F2E8 /* Domain.framework in Embed Frameworks */,
			);
			name = "Embed Frameworks";
			runOnlyForDeploymentPostprocessing = 0;
		};
/* End PBXCopyFilesBuildPhase section */

/* Begin PBXFileReference section */
		A50F98A1266F98E10047A4EE /* TestExtensions.swift */ = {isa = PBXFileReference; lastKnownFileType = sourcecode.swift; path = TestExtensions.swift; sourceTree = "<group>"; };
		A50F98A3266F994C0047A4EE /* TestFactories.swift */ = {isa = PBXFileReference; lastKnownFileType = sourcecode.swift; path = TestFactories.swift; sourceTree = "<group>"; };
		A50F98A6266F99BA0047A4EE /* HttpClientSpy.swift */ = {isa = PBXFileReference; lastKnownFileType = sourcecode.swift; path = HttpClientSpy.swift; sourceTree = "<group>"; };
		A50F98A8266F9A0C0047A4EE /* AccountModelFactory.swift */ = {isa = PBXFileReference; lastKnownFileType = sourcecode.swift; path = AccountModelFactory.swift; sourceTree = "<group>"; };
		A50F98AF266FAD2F0047A4EE /* Infra.framework */ = {isa = PBXFileReference; explicitFileType = wrapper.framework; includeInIndex = 0; path = Infra.framework; sourceTree = BUILT_PRODUCTS_DIR; };
		A50F98B2266FAD2F0047A4EE /* Info.plist */ = {isa = PBXFileReference; lastKnownFileType = text.plist.xml; path = Info.plist; sourceTree = "<group>"; };
		A50F98B7266FAD2F0047A4EE /* InfraTests.xctest */ = {isa = PBXFileReference; explicitFileType = wrapper.cfbundle; includeInIndex = 0; path = InfraTests.xctest; sourceTree = BUILT_PRODUCTS_DIR; };
		A50F98BC266FAD2F0047A4EE /* AlamofireAdapterTests.swift */ = {isa = PBXFileReference; lastKnownFileType = sourcecode.swift; path = AlamofireAdapterTests.swift; sourceTree = "<group>"; };
		A50F98BE266FAD2F0047A4EE /* Info.plist */ = {isa = PBXFileReference; lastKnownFileType = text.plist.xml; path = Info.plist; sourceTree = "<group>"; };
		A52AF6A026727A0100876CA2 /* AlamofireAdapter.swift */ = {isa = PBXFileReference; lastKnownFileType = sourcecode.swift; path = AlamofireAdapter.swift; sourceTree = "<group>"; };
		A52AF6A426727BA600876CA2 /* UrlProtocolStub.swift */ = {isa = PBXFileReference; lastKnownFileType = sourcecode.swift; path = UrlProtocolStub.swift; sourceTree = "<group>"; };
		A564CA2F2667D072002DC162 /* DomainError.swift */ = {isa = PBXFileReference; lastKnownFileType = sourcecode.swift; path = DomainError.swift; sourceTree = "<group>"; };
		A58543DB2677A5B400682F6F /* AlertViewSpy.swift */ = {isa = PBXFileReference; lastKnownFileType = sourcecode.swift; path = AlertViewSpy.swift; sourceTree = "<group>"; };
		A58543DE2677A5F900682F6F /* EmailValidatorSpy.swift */ = {isa = PBXFileReference; lastKnownFileType = sourcecode.swift; path = EmailValidatorSpy.swift; sourceTree = "<group>"; };
		A58543E22677A63D00682F6F /* AddAccountSpy.swift */ = {isa = PBXFileReference; lastKnownFileType = sourcecode.swift; path = AddAccountSpy.swift; sourceTree = "<group>"; };
		A58543E42677A67B00682F6F /* LoadingViewSpy.swift */ = {isa = PBXFileReference; lastKnownFileType = sourcecode.swift; path = LoadingViewSpy.swift; sourceTree = "<group>"; };
		A58543E72677A73200682F6F /* TestFactories.swift */ = {isa = PBXFileReference; lastKnownFileType = sourcecode.swift; path = TestFactories.swift; sourceTree = "<group>"; };
		A58543EE2677BC6900682F6F /* UI.framework */ = {isa = PBXFileReference; explicitFileType = wrapper.framework; includeInIndex = 0; path = UI.framework; sourceTree = BUILT_PRODUCTS_DIR; };
		A58543F12677BC6900682F6F /* Info.plist */ = {isa = PBXFileReference; lastKnownFileType = text.plist.xml; path = Info.plist; sourceTree = "<group>"; };
		A58543F62677BC6A00682F6F /* UITests.xctest */ = {isa = PBXFileReference; explicitFileType = wrapper.cfbundle; includeInIndex = 0; path = UITests.xctest; sourceTree = BUILT_PRODUCTS_DIR; };
		A58543FB2677BC6A00682F6F /* SignUpViewControllerTests.swift */ = {isa = PBXFileReference; lastKnownFileType = sourcecode.swift; path = SignUpViewControllerTests.swift; sourceTree = "<group>"; };
		A58543FD2677BC6A00682F6F /* Info.plist */ = {isa = PBXFileReference; lastKnownFileType = text.plist.xml; path = Info.plist; sourceTree = "<group>"; };
		A585440A2677BF6800682F6F /* SignUpViewController.swift */ = {isa = PBXFileReference; lastKnownFileType = sourcecode.swift; path = SignUpViewController.swift; sourceTree = "<group>"; };
		A585440E2677C06500682F6F /* SignUp.storyboard */ = {isa = PBXFileReference; lastKnownFileType = file.storyboard; path = SignUp.storyboard; sourceTree = "<group>"; };
		A5A44F8B2677923100288E2D /* LoadingView.swift */ = {isa = PBXFileReference; lastKnownFileType = sourcecode.swift; path = LoadingView.swift; sourceTree = "<group>"; };
		A5A44F8E26779E4C00288E2D /* SignUpViewModel.swift */ = {isa = PBXFileReference; lastKnownFileType = sourcecode.swift; path = SignUpViewModel.swift; sourceTree = "<group>"; };
		A5A44F9026779EAC00288E2D /* SignUpMapper.swift */ = {isa = PBXFileReference; lastKnownFileType = sourcecode.swift; path = SignUpMapper.swift; sourceTree = "<group>"; };
		A5BC11CC266524D9003D4F0A /* Domain.framework */ = {isa = PBXFileReference; explicitFileType = wrapper.framework; includeInIndex = 0; path = Domain.framework; sourceTree = BUILT_PRODUCTS_DIR; };
		A5BC11CF266524D9003D4F0A /* Info.plist */ = {isa = PBXFileReference; lastKnownFileType = text.plist.xml; path = Info.plist; sourceTree = "<group>"; };
		A5BC11D426652A4E003D4F0A /* AddAccount.swift */ = {isa = PBXFileReference; lastKnownFileType = sourcecode.swift; path = AddAccount.swift; sourceTree = "<group>"; };
		A5BC11D626652B74003D4F0A /* AccountModel.swift */ = {isa = PBXFileReference; lastKnownFileType = sourcecode.swift; path = AccountModel.swift; sourceTree = "<group>"; };
		A5BC11DD26652BBF003D4F0A /* Data.framework */ = {isa = PBXFileReference; explicitFileType = wrapper.framework; includeInIndex = 0; path = Data.framework; sourceTree = BUILT_PRODUCTS_DIR; };
		A5BC11E026652BBF003D4F0A /* Info.plist */ = {isa = PBXFileReference; lastKnownFileType = text.plist.xml; path = Info.plist; sourceTree = "<group>"; };
		A5BC11E526652BBF003D4F0A /* DataTests.xctest */ = {isa = PBXFileReference; explicitFileType = wrapper.cfbundle; includeInIndex = 0; path = DataTests.xctest; sourceTree = BUILT_PRODUCTS_DIR; };
		A5BC11EA26652BBF003D4F0A /* RemoteAddAccountTests.swift */ = {isa = PBXFileReference; lastKnownFileType = sourcecode.swift; path = RemoteAddAccountTests.swift; sourceTree = "<group>"; };
		A5BC11EC26652BBF003D4F0A /* Info.plist */ = {isa = PBXFileReference; lastKnownFileType = text.plist.xml; path = Info.plist; sourceTree = "<group>"; };
		A5BE33FE2667AE9E000E360E /* Model.swift */ = {isa = PBXFileReference; lastKnownFileType = sourcecode.swift; path = Model.swift; sourceTree = "<group>"; };
		A5BE34002667AF7C000E360E /* RemoteAddAccount.swift */ = {isa = PBXFileReference; lastKnownFileType = sourcecode.swift; path = RemoteAddAccount.swift; sourceTree = "<group>"; };
		A5BE34022667AFC5000E360E /* HttpPostClient.swift */ = {isa = PBXFileReference; lastKnownFileType = sourcecode.swift; path = HttpPostClient.swift; sourceTree = "<group>"; };
		A5D06B75266E426200960538 /* HttpError.swift */ = {isa = PBXFileReference; lastKnownFileType = sourcecode.swift; path = HttpError.swift; sourceTree = "<group>"; };
		A5FA2E0E267389ED0045F2E8 /* Presentation.framework */ = {isa = PBXFileReference; explicitFileType = wrapper.framework; includeInIndex = 0; path = Presentation.framework; sourceTree = BUILT_PRODUCTS_DIR; };
		A5FA2E11267389ED0045F2E8 /* Info.plist */ = {isa = PBXFileReference; lastKnownFileType = text.plist.xml; path = Info.plist; sourceTree = "<group>"; };
		A5FA2E16267389ED0045F2E8 /* PresentationTests.xctest */ = {isa = PBXFileReference; explicitFileType = wrapper.cfbundle; includeInIndex = 0; path = PresentationTests.xctest; sourceTree = BUILT_PRODUCTS_DIR; };
		A5FA2E1B267389ED0045F2E8 /* SignUpPresenterTests.swift */ = {isa = PBXFileReference; lastKnownFileType = sourcecode.swift; path = SignUpPresenterTests.swift; sourceTree = "<group>"; };
		A5FA2E1D267389ED0045F2E8 /* Info.plist */ = {isa = PBXFileReference; lastKnownFileType = text.plist.xml; path = Info.plist; sourceTree = "<group>"; };
		A5FA2E2526739AC10045F2E8 /* SignUpPresenter.swift */ = {isa = PBXFileReference; lastKnownFileType = sourcecode.swift; path = SignUpPresenter.swift; sourceTree = "<group>"; };
		A5FA2E2D26739B8D0045F2E8 /* AlertView.swift */ = {isa = PBXFileReference; lastKnownFileType = sourcecode.swift; path = AlertView.swift; sourceTree = "<group>"; };
		A5FA2E322673A5D80045F2E8 /* EmailValidator.swift */ = {isa = PBXFileReference; lastKnownFileType = sourcecode.swift; path = EmailValidator.swift; sourceTree = "<group>"; };
		A5FAE90E266E8ADD00681E61 /* ExtensionHelpers.swift */ = {isa = PBXFileReference; lastKnownFileType = sourcecode.swift; path = ExtensionHelpers.swift; sourceTree = "<group>"; };
/* End PBXFileReference section */

/* Begin PBXFrameworksBuildPhase section */
		A50F98AC266FAD2F0047A4EE /* Frameworks */ = {
			isa = PBXFrameworksBuildPhase;
			buildActionMask = 2147483647;
			files = (
				A50F98C6266FAE210047A4EE /* Data.framework in Frameworks */,
				A5E553332670EEF6002624DB /* Alamofire in Frameworks */,
			);
			runOnlyForDeploymentPostprocessing = 0;
		};
		A50F98B4266FAD2F0047A4EE /* Frameworks */ = {
			isa = PBXFrameworksBuildPhase;
			buildActionMask = 2147483647;
			files = (
				A50F98B8266FAD2F0047A4EE /* Infra.framework in Frameworks */,
			);
			runOnlyForDeploymentPostprocessing = 0;
		};
		A58543EB2677BC6900682F6F /* Frameworks */ = {
			isa = PBXFrameworksBuildPhase;
			buildActionMask = 2147483647;
			files = (
				A58544052677BD6E00682F6F /* Presentation.framework in Frameworks */,
			);
			runOnlyForDeploymentPostprocessing = 0;
		};
		A58543F32677BC6A00682F6F /* Frameworks */ = {
			isa = PBXFrameworksBuildPhase;
			buildActionMask = 2147483647;
			files = (
				A58543F72677BC6A00682F6F /* UI.framework in Frameworks */,
			);
			runOnlyForDeploymentPostprocessing = 0;
		};
		A5BC11C9266524D9003D4F0A /* Frameworks */ = {
			isa = PBXFrameworksBuildPhase;
			buildActionMask = 2147483647;
			files = (
			);
			runOnlyForDeploymentPostprocessing = 0;
		};
		A5BC11DA26652BBF003D4F0A /* Frameworks */ = {
			isa = PBXFrameworksBuildPhase;
			buildActionMask = 2147483647;
			files = (
				A5BC11F526652BEB003D4F0A /* Domain.framework in Frameworks */,
			);
			runOnlyForDeploymentPostprocessing = 0;
		};
		A5BC11E226652BBF003D4F0A /* Frameworks */ = {
			isa = PBXFrameworksBuildPhase;
			buildActionMask = 2147483647;
			files = (
				A5BC11E626652BBF003D4F0A /* Data.framework in Frameworks */,
			);
			runOnlyForDeploymentPostprocessing = 0;
		};
		A5FA2E0B267389ED0045F2E8 /* Frameworks */ = {
			isa = PBXFrameworksBuildPhase;
			buildActionMask = 2147483647;
			files = (
				A5A44F932677A03500288E2D /* Data.framework in Frameworks */,
				A5FA2E2726739AF20045F2E8 /* Domain.framework in Frameworks */,
			);
			runOnlyForDeploymentPostprocessing = 0;
		};
		A5FA2E13267389ED0045F2E8 /* Frameworks */ = {
			isa = PBXFrameworksBuildPhase;
			buildActionMask = 2147483647;
			files = (
				A5FA2E17267389ED0045F2E8 /* Presentation.framework in Frameworks */,
			);
			runOnlyForDeploymentPostprocessing = 0;
		};
/* End PBXFrameworksBuildPhase section */

/* Begin PBXGroup section */
		A50F98A0266F98C20047A4EE /* Helpers */ = {
			isa = PBXGroup;
			children = (
				A50F98A1266F98E10047A4EE /* TestExtensions.swift */,
				A50F98A3266F994C0047A4EE /* TestFactories.swift */,
				A50F98A8266F9A0C0047A4EE /* AccountModelFactory.swift */,
			);
			path = Helpers;
			sourceTree = "<group>";
		};
		A50F98A5266F998C0047A4EE /* Http */ = {
			isa = PBXGroup;
			children = (
				A50F98A6266F99BA0047A4EE /* HttpClientSpy.swift */,
			);
			path = Http;
			sourceTree = "<group>";
		};
		A50F98B0266FAD2F0047A4EE /* Infra */ = {
			isa = PBXGroup;
			children = (
				A50F98B2266FAD2F0047A4EE /* Info.plist */,
				A52AF6A226727B3F00876CA2 /* Http */,
			);
			path = Infra;
			sourceTree = "<group>";
		};
		A50F98BB266FAD2F0047A4EE /* InfraTests */ = {
			isa = PBXGroup;
			children = (
				A52AF6A326727B8B00876CA2 /* Http */,
				A50F98BE266FAD2F0047A4EE /* Info.plist */,
			);
			path = InfraTests;
			sourceTree = "<group>";
		};
		A52AF6A226727B3F00876CA2 /* Http */ = {
			isa = PBXGroup;
			children = (
				A52AF6A026727A0100876CA2 /* AlamofireAdapter.swift */,
			);
			path = Http;
			sourceTree = "<group>";
		};
		A52AF6A326727B8B00876CA2 /* Http */ = {
			isa = PBXGroup;
			children = (
				A50F98BC266FAD2F0047A4EE /* AlamofireAdapterTests.swift */,
				A52AF6A426727BA600876CA2 /* UrlProtocolStub.swift */,
			);
			path = Http;
			sourceTree = "<group>";
		};
		A564CA292667C0E3002DC162 /* UseCases */ = {
			isa = PBXGroup;
			children = (
				A5BC11D426652A4E003D4F0A /* AddAccount.swift */,
			);
			path = UseCases;
			sourceTree = "<group>";
		};
		A564CA2A2667C0FA002DC162 /* Models */ = {
			isa = PBXGroup;
			children = (
				A5BE33FE2667AE9E000E360E /* Model.swift */,
				A5BC11D626652B74003D4F0A /* AccountModel.swift */,
			);
			path = Models;
			sourceTree = "<group>";
		};
		A564CA2B2667C107002DC162 /* UseCases */ = {
			isa = PBXGroup;
			children = (
				A5BE34002667AF7C000E360E /* RemoteAddAccount.swift */,
			);
			path = UseCases;
			sourceTree = "<group>";
		};
		A564CA2C2667C112002DC162 /* Http */ = {
			isa = PBXGroup;
			children = (
				A5BE34022667AFC5000E360E /* HttpPostClient.swift */,
				A5D06B75266E426200960538 /* HttpError.swift */,
			);
			path = Http;
			sourceTree = "<group>";
		};
		A564CA2D2667C127002DC162 /* UseCases */ = {
			isa = PBXGroup;
			children = (
				A5BC11EA26652BBF003D4F0A /* RemoteAddAccountTests.swift */,
			);
			path = UseCases;
			sourceTree = "<group>";
		};
		A564CA2E2667D063002DC162 /* Errors */ = {
			isa = PBXGroup;
			children = (
				A564CA2F2667D072002DC162 /* DomainError.swift */,
			);
			path = Errors;
			sourceTree = "<group>";
		};
		A58543D92677A2E400682F6F /* SignUp */ = {
			isa = PBXGroup;
			children = (
				A5FA2E1B267389ED0045F2E8 /* SignUpPresenterTests.swift */,
			);
			path = SignUp;
			sourceTree = "<group>";
		};
		A58543DA2677A5A500682F6F /* Views */ = {
			isa = PBXGroup;
			children = (
				A58543DB2677A5B400682F6F /* AlertViewSpy.swift */,
				A58543E42677A67B00682F6F /* LoadingViewSpy.swift */,
			);
			path = Views;
			sourceTree = "<group>";
		};
		A58543DD2677A5F000682F6F /* Validators */ = {
			isa = PBXGroup;
			children = (
				A58543DE2677A5F900682F6F /* EmailValidatorSpy.swift */,
			);
			path = Validators;
			sourceTree = "<group>";
		};
		A58543E02677A62000682F6F /* UseCases */ = {
			isa = PBXGroup;
			children = (
				A58543E22677A63D00682F6F /* AddAccountSpy.swift */,
			);
			path = UseCases;
			sourceTree = "<group>";
		};
		A58543E62677A71A00682F6F /* Helpers */ = {
			isa = PBXGroup;
			children = (
				A58543E72677A73200682F6F /* TestFactories.swift */,
			);
			path = Helpers;
			sourceTree = "<group>";
		};
		A58543EF2677BC6900682F6F /* UI */ = {
			isa = PBXGroup;
			children = (
				A5AFDF2B2678D08900E99919 /* Scenes */,
			);
			path = UI;
			sourceTree = "<group>";
		};
		A58543FA2677BC6A00682F6F /* UITests */ = {
			isa = PBXGroup;
			children = (
				A5AFDF2C2678D09300E99919 /* Scenes */,
				A58543FD2677BC6A00682F6F /* Info.plist */,
			);
			path = UITests;
			sourceTree = "<group>";
		};
		A5A44F8D26779E2300288E2D /* SignUp */ = {
			isa = PBXGroup;
			children = (
				A5FA2E2526739AC10045F2E8 /* SignUpPresenter.swift */,
				A5A44F9026779EAC00288E2D /* SignUpMapper.swift */,
				A5A44F8E26779E4C00288E2D /* SignUpViewModel.swift */,
			);
			path = SignUp;
			sourceTree = "<group>";
		};
		A5AFDF292678D04700E99919 /* SignUp */ = {
			isa = PBXGroup;
			children = (
				A585440A2677BF6800682F6F /* SignUpViewController.swift */,
				A585440E2677C06500682F6F /* SignUp.storyboard */,
			);
			path = SignUp;
			sourceTree = "<group>";
		};
		A5AFDF2A2678D05300E99919 /* SignUp */ = {
			isa = PBXGroup;
			children = (
				A58543FB2677BC6A00682F6F /* SignUpViewControllerTests.swift */,
			);
			path = SignUp;
			sourceTree = "<group>";
		};
		A5AFDF2B2678D08900E99919 /* Scenes */ = {
			isa = PBXGroup;
			children = (
				A5AFDF292678D04700E99919 /* SignUp */,
			);
			path = Scenes;
			sourceTree = "<group>";
		};
		A5AFDF2C2678D09300E99919 /* Scenes */ = {
			isa = PBXGroup;
			children = (
				A5AFDF2A2678D05300E99919 /* SignUp */,
			);
			path = Scenes;
			sourceTree = "<group>";
		};
		A5BC11A72665242C003D4F0A = {
			isa = PBXGroup;
			children = (
				A5BC11CD266524D9003D4F0A /* Domain */,
				A5BC11DE26652BBF003D4F0A /* Data */,
				A5BC11E926652BBF003D4F0A /* DataTests */,
				A50F98B0266FAD2F0047A4EE /* Infra */,
				A50F98BB266FAD2F0047A4EE /* InfraTests */,
				A5FA2E0F267389ED0045F2E8 /* Presentation */,
				A5FA2E1A267389ED0045F2E8 /* PresentationTests */,
				A58543EF2677BC6900682F6F /* UI */,
				A58543F12677BC6900682F6F /* Info.plist */,
				A58543FA2677BC6A00682F6F /* UITests */,
				A5BC11B12665242C003D4F0A /* Products */,
				A5BC11F426652BEB003D4F0A /* Frameworks */,
			);
			sourceTree = "<group>";
		};
		A5BC11B12665242C003D4F0A /* Products */ = {
			isa = PBXGroup;
			children = (
				A5BC11CC266524D9003D4F0A /* Domain.framework */,
				A5BC11DD26652BBF003D4F0A /* Data.framework */,
				A5BC11E526652BBF003D4F0A /* DataTests.xctest */,
				A50F98AF266FAD2F0047A4EE /* Infra.framework */,
				A50F98B7266FAD2F0047A4EE /* InfraTests.xctest */,
				A5FA2E0E267389ED0045F2E8 /* Presentation.framework */,
				A5FA2E16267389ED0045F2E8 /* PresentationTests.xctest */,
				A58543EE2677BC6900682F6F /* UI.framework */,
				A58543F62677BC6A00682F6F /* UITests.xctest */,
			);
			name = Products;
			sourceTree = "<group>";
		};
		A5BC11CD266524D9003D4F0A /* Domain */ = {
			isa = PBXGroup;
			children = (
				A564CA292667C0E3002DC162 /* UseCases */,
				A564CA2A2667C0FA002DC162 /* Models */,
				A564CA2E2667D063002DC162 /* Errors */,
				A5BC11CF266524D9003D4F0A /* Info.plist */,
			);
			path = Domain;
			sourceTree = "<group>";
		};
		A5BC11DE26652BBF003D4F0A /* Data */ = {
			isa = PBXGroup;
			children = (
				A5FAE90D266E8ACC00681E61 /* Helpers */,
				A564CA2C2667C112002DC162 /* Http */,
				A564CA2B2667C107002DC162 /* UseCases */,
				A5BC11E026652BBF003D4F0A /* Info.plist */,
			);
			path = Data;
			sourceTree = "<group>";
		};
		A5BC11E926652BBF003D4F0A /* DataTests */ = {
			isa = PBXGroup;
			children = (
				A50F98A0266F98C20047A4EE /* Helpers */,
				A564CA2D2667C127002DC162 /* UseCases */,
				A50F98A5266F998C0047A4EE /* Http */,
				A5BC11EC26652BBF003D4F0A /* Info.plist */,
			);
			path = DataTests;
			sourceTree = "<group>";
		};
		A5BC11F426652BEB003D4F0A /* Frameworks */ = {
			isa = PBXGroup;
			children = (
			);
			name = Frameworks;
			sourceTree = "<group>";
		};
		A5FA2E0F267389ED0045F2E8 /* Presentation */ = {
			isa = PBXGroup;
			children = (
				A5FA2E312673A5C50045F2E8 /* Validators */,
				A5FA2E2C26739B7E0045F2E8 /* Views */,
				A5FA2E2F26739BB30045F2E8 /* Presenters */,
				A5FA2E11267389ED0045F2E8 /* Info.plist */,
			);
			path = Presentation;
			sourceTree = "<group>";
		};
		A5FA2E1A267389ED0045F2E8 /* PresentationTests */ = {
			isa = PBXGroup;
			children = (
				A58543E62677A71A00682F6F /* Helpers */,
				A58543E02677A62000682F6F /* UseCases */,
				A58543DD2677A5F000682F6F /* Validators */,
				A58543DA2677A5A500682F6F /* Views */,
				A5FA2E3026739CE70045F2E8 /* Presenters */,
				A5FA2E1D267389ED0045F2E8 /* Info.plist */,
			);
			path = PresentationTests;
			sourceTree = "<group>";
		};
		A5FA2E2C26739B7E0045F2E8 /* Views */ = {
			isa = PBXGroup;
			children = (
				A5FA2E2D26739B8D0045F2E8 /* AlertView.swift */,
				A5A44F8B2677923100288E2D /* LoadingView.swift */,
			);
			path = Views;
			sourceTree = "<group>";
		};
		A5FA2E2F26739BB30045F2E8 /* Presenters */ = {
			isa = PBXGroup;
			children = (
				A5A44F8D26779E2300288E2D /* SignUp */,
			);
			path = Presenters;
			sourceTree = "<group>";
		};
		A5FA2E3026739CE70045F2E8 /* Presenters */ = {
			isa = PBXGroup;
			children = (
				A58543D92677A2E400682F6F /* SignUp */,
			);
			path = Presenters;
			sourceTree = "<group>";
		};
		A5FA2E312673A5C50045F2E8 /* Validators */ = {
			isa = PBXGroup;
			children = (
				A5FA2E322673A5D80045F2E8 /* EmailValidator.swift */,
			);
			path = Validators;
			sourceTree = "<group>";
		};
		A5FAE90D266E8ACC00681E61 /* Helpers */ = {
			isa = PBXGroup;
			children = (
				A5FAE90E266E8ADD00681E61 /* ExtensionHelpers.swift */,
			);
			path = Helpers;
			sourceTree = "<group>";
		};
/* End PBXGroup section */

/* Begin PBXHeadersBuildPhase section */
		A50F98AA266FAD2F0047A4EE /* Headers */ = {
			isa = PBXHeadersBuildPhase;
			buildActionMask = 2147483647;
			files = (
			);
			runOnlyForDeploymentPostprocessing = 0;
		};
		A58543E92677BC6900682F6F /* Headers */ = {
			isa = PBXHeadersBuildPhase;
			buildActionMask = 2147483647;
			files = (
			);
			runOnlyForDeploymentPostprocessing = 0;
		};
		A5BC11C7266524D9003D4F0A /* Headers */ = {
			isa = PBXHeadersBuildPhase;
			buildActionMask = 2147483647;
			files = (
			);
			runOnlyForDeploymentPostprocessing = 0;
		};
		A5BC11D826652BBF003D4F0A /* Headers */ = {
			isa = PBXHeadersBuildPhase;
			buildActionMask = 2147483647;
			files = (
			);
			runOnlyForDeploymentPostprocessing = 0;
		};
		A5FA2E09267389ED0045F2E8 /* Headers */ = {
			isa = PBXHeadersBuildPhase;
			buildActionMask = 2147483647;
			files = (
			);
			runOnlyForDeploymentPostprocessing = 0;
		};
/* End PBXHeadersBuildPhase section */

/* Begin PBXNativeTarget section */
		A50F98AE266FAD2F0047A4EE /* Infra */ = {
			isa = PBXNativeTarget;
			buildConfigurationList = A50F98C0266FAD2F0047A4EE /* Build configuration list for PBXNativeTarget "Infra" */;
			buildPhases = (
				A50F98AA266FAD2F0047A4EE /* Headers */,
				A50F98AB266FAD2F0047A4EE /* Sources */,
				A50F98AC266FAD2F0047A4EE /* Frameworks */,
				A50F98AD266FAD2F0047A4EE /* Resources */,
				A50F98CA266FAE220047A4EE /* Embed Frameworks */,
			);
			buildRules = (
			);
			dependencies = (
				A50F98C9266FAE210047A4EE /* PBXTargetDependency */,
			);
			name = Infra;
			packageProductDependencies = (
				A5E553322670EEF6002624DB /* Alamofire */,
			);
			productName = Infra;
			productReference = A50F98AF266FAD2F0047A4EE /* Infra.framework */;
			productType = "com.apple.product-type.framework";
		};
		A50F98B6266FAD2F0047A4EE /* InfraTests */ = {
			isa = PBXNativeTarget;
			buildConfigurationList = A50F98C3266FAD2F0047A4EE /* Build configuration list for PBXNativeTarget "InfraTests" */;
			buildPhases = (
				A50F98B3266FAD2F0047A4EE /* Sources */,
				A50F98B4266FAD2F0047A4EE /* Frameworks */,
				A50F98B5266FAD2F0047A4EE /* Resources */,
			);
			buildRules = (
			);
			dependencies = (
				A50F98BA266FAD2F0047A4EE /* PBXTargetDependency */,
			);
			name = InfraTests;
			productName = InfraTests;
			productReference = A50F98B7266FAD2F0047A4EE /* InfraTests.xctest */;
			productType = "com.apple.product-type.bundle.unit-test";
		};
		A58543ED2677BC6900682F6F /* UI */ = {
			isa = PBXNativeTarget;
			buildConfigurationList = A58543FF2677BC6A00682F6F /* Build configuration list for PBXNativeTarget "UI" */;
			buildPhases = (
				A58543E92677BC6900682F6F /* Headers */,
				A58543EA2677BC6900682F6F /* Sources */,
				A58543EB2677BC6900682F6F /* Frameworks */,
				A58543EC2677BC6900682F6F /* Resources */,
				A58544092677BD6E00682F6F /* Embed Frameworks */,
			);
			buildRules = (
			);
			dependencies = (
				A58544082677BD6E00682F6F /* PBXTargetDependency */,
			);
			name = UI;
			productName = UI;
			productReference = A58543EE2677BC6900682F6F /* UI.framework */;
			productType = "com.apple.product-type.framework";
		};
		A58543F52677BC6A00682F6F /* UITests */ = {
			isa = PBXNativeTarget;
			buildConfigurationList = A58544022677BC6A00682F6F /* Build configuration list for PBXNativeTarget "UITests" */;
			buildPhases = (
				A58543F22677BC6A00682F6F /* Sources */,
				A58543F32677BC6A00682F6F /* Frameworks */,
				A58543F42677BC6A00682F6F /* Resources */,
			);
			buildRules = (
			);
			dependencies = (
				A58543F92677BC6A00682F6F /* PBXTargetDependency */,
			);
			name = UITests;
			productName = UITests;
			productReference = A58543F62677BC6A00682F6F /* UITests.xctest */;
			productType = "com.apple.product-type.bundle.unit-test";
		};
		A5BC11CB266524D9003D4F0A /* Domain */ = {
			isa = PBXNativeTarget;
			buildConfigurationList = A5BC11D1266524D9003D4F0A /* Build configuration list for PBXNativeTarget "Domain" */;
			buildPhases = (
				A5BC11C7266524D9003D4F0A /* Headers */,
				A5BC11C8266524D9003D4F0A /* Sources */,
				A5BC11C9266524D9003D4F0A /* Frameworks */,
				A5BC11CA266524D9003D4F0A /* Resources */,
			);
			buildRules = (
			);
			dependencies = (
			);
			name = Domain;
			productName = Domain;
			productReference = A5BC11CC266524D9003D4F0A /* Domain.framework */;
			productType = "com.apple.product-type.framework";
		};
		A5BC11DC26652BBF003D4F0A /* Data */ = {
			isa = PBXNativeTarget;
			buildConfigurationList = A5BC11EE26652BBF003D4F0A /* Build configuration list for PBXNativeTarget "Data" */;
			buildPhases = (
				A5BC11D826652BBF003D4F0A /* Headers */,
				A5BC11D926652BBF003D4F0A /* Sources */,
				A5BC11DA26652BBF003D4F0A /* Frameworks */,
				A5BC11DB26652BBF003D4F0A /* Resources */,
				A5BC11F926652BEB003D4F0A /* Embed Frameworks */,
			);
			buildRules = (
			);
			dependencies = (
				A5BC11F826652BEB003D4F0A /* PBXTargetDependency */,
			);
			name = Data;
			productName = Data;
			productReference = A5BC11DD26652BBF003D4F0A /* Data.framework */;
			productType = "com.apple.product-type.framework";
		};
		A5BC11E426652BBF003D4F0A /* DataTests */ = {
			isa = PBXNativeTarget;
			buildConfigurationList = A5BC11F126652BBF003D4F0A /* Build configuration list for PBXNativeTarget "DataTests" */;
			buildPhases = (
				A5BC11E126652BBF003D4F0A /* Sources */,
				A5BC11E226652BBF003D4F0A /* Frameworks */,
				A5BC11E326652BBF003D4F0A /* Resources */,
			);
			buildRules = (
			);
			dependencies = (
				A5BC11E826652BBF003D4F0A /* PBXTargetDependency */,
			);
			name = DataTests;
			productName = DataTests;
			productReference = A5BC11E526652BBF003D4F0A /* DataTests.xctest */;
			productType = "com.apple.product-type.bundle.unit-test";
		};
		A5FA2E0D267389ED0045F2E8 /* Presentation */ = {
			isa = PBXNativeTarget;
			buildConfigurationList = A5FA2E23267389ED0045F2E8 /* Build configuration list for PBXNativeTarget "Presentation" */;
			buildPhases = (
				A5FA2E09267389ED0045F2E8 /* Headers */,
				A5FA2E0A267389ED0045F2E8 /* Sources */,
				A5FA2E0B267389ED0045F2E8 /* Frameworks */,
				A5FA2E0C267389ED0045F2E8 /* Resources */,
				A5FA2E2B26739AF20045F2E8 /* Embed Frameworks */,
			);
			buildRules = (
			);
			dependencies = (
				A5FA2E2A26739AF20045F2E8 /* PBXTargetDependency */,
				A5A44F962677A03500288E2D /* PBXTargetDependency */,
			);
			name = Presentation;
			productName = Presentation;
			productReference = A5FA2E0E267389ED0045F2E8 /* Presentation.framework */;
			productType = "com.apple.product-type.framework";
		};
		A5FA2E15267389ED0045F2E8 /* PresentationTests */ = {
			isa = PBXNativeTarget;
			buildConfigurationList = A5FA2E24267389ED0045F2E8 /* Build configuration list for PBXNativeTarget "PresentationTests" */;
			buildPhases = (
				A5FA2E12267389ED0045F2E8 /* Sources */,
				A5FA2E13267389ED0045F2E8 /* Frameworks */,
				A5FA2E14267389ED0045F2E8 /* Resources */,
			);
			buildRules = (
			);
			dependencies = (
				A5FA2E19267389ED0045F2E8 /* PBXTargetDependency */,
			);
			name = PresentationTests;
			productName = PresentationTests;
			productReference = A5FA2E16267389ED0045F2E8 /* PresentationTests.xctest */;
			productType = "com.apple.product-type.bundle.unit-test";
		};
/* End PBXNativeTarget section */

/* Begin PBXProject section */
		A5BC11A82665242C003D4F0A /* Project object */ = {
			isa = PBXProject;
			attributes = {
				LastSwiftUpdateCheck = 1250;
				LastUpgradeCheck = 1250;
				TargetAttributes = {
					A50F98AE266FAD2F0047A4EE = {
						CreatedOnToolsVersion = 12.5;
						LastSwiftMigration = 1250;
					};
					A50F98B6266FAD2F0047A4EE = {
						CreatedOnToolsVersion = 12.5;
					};
					A58543ED2677BC6900682F6F = {
						CreatedOnToolsVersion = 12.5;
						LastSwiftMigration = 1250;
					};
					A58543F52677BC6A00682F6F = {
						CreatedOnToolsVersion = 12.5;
					};
					A5BC11CB266524D9003D4F0A = {
						CreatedOnToolsVersion = 12.5;
						LastSwiftMigration = 1250;
					};
					A5BC11DC26652BBF003D4F0A = {
						CreatedOnToolsVersion = 12.5;
						LastSwiftMigration = 1250;
					};
					A5BC11E426652BBF003D4F0A = {
						CreatedOnToolsVersion = 12.5;
					};
					A5FA2E0D267389ED0045F2E8 = {
						CreatedOnToolsVersion = 12.5;
						LastSwiftMigration = 1250;
					};
					A5FA2E15267389ED0045F2E8 = {
						CreatedOnToolsVersion = 12.5;
					};
				};
			};
			buildConfigurationList = A5BC11AB2665242C003D4F0A /* Build configuration list for PBXProject "CleanApp" */;
			compatibilityVersion = "Xcode 9.3";
			developmentRegion = en;
			hasScannedForEncodings = 0;
			knownRegions = (
				en,
				Base,
			);
			mainGroup = A5BC11A72665242C003D4F0A;
			packageReferences = (
				A5E553312670EEF6002624DB /* XCRemoteSwiftPackageReference "Alamofire" */,
			);
			productRefGroup = A5BC11B12665242C003D4F0A /* Products */;
			projectDirPath = "";
			projectRoot = "";
			targets = (
				A5BC11CB266524D9003D4F0A /* Domain */,
				A5BC11DC26652BBF003D4F0A /* Data */,
				A5BC11E426652BBF003D4F0A /* DataTests */,
				A50F98AE266FAD2F0047A4EE /* Infra */,
				A50F98B6266FAD2F0047A4EE /* InfraTests */,
				A5FA2E0D267389ED0045F2E8 /* Presentation */,
				A5FA2E15267389ED0045F2E8 /* PresentationTests */,
				A58543ED2677BC6900682F6F /* UI */,
				A58543F52677BC6A00682F6F /* UITests */,
			);
		};
/* End PBXProject section */

/* Begin PBXResourcesBuildPhase section */
		A50F98AD266FAD2F0047A4EE /* Resources */ = {
			isa = PBXResourcesBuildPhase;
			buildActionMask = 2147483647;
			files = (
			);
			runOnlyForDeploymentPostprocessing = 0;
		};
		A50F98B5266FAD2F0047A4EE /* Resources */ = {
			isa = PBXResourcesBuildPhase;
			buildActionMask = 2147483647;
			files = (
			);
			runOnlyForDeploymentPostprocessing = 0;
		};
		A58543EC2677BC6900682F6F /* Resources */ = {
			isa = PBXResourcesBuildPhase;
			buildActionMask = 2147483647;
			files = (
				A585440F2677C06500682F6F /* SignUp.storyboard in Resources */,
			);
			runOnlyForDeploymentPostprocessing = 0;
		};
		A58543F42677BC6A00682F6F /* Resources */ = {
			isa = PBXResourcesBuildPhase;
			buildActionMask = 2147483647;
			files = (
			);
			runOnlyForDeploymentPostprocessing = 0;
		};
		A5BC11CA266524D9003D4F0A /* Resources */ = {
			isa = PBXResourcesBuildPhase;
			buildActionMask = 2147483647;
			files = (
			);
			runOnlyForDeploymentPostprocessing = 0;
		};
		A5BC11DB26652BBF003D4F0A /* Resources */ = {
			isa = PBXResourcesBuildPhase;
			buildActionMask = 2147483647;
			files = (
			);
			runOnlyForDeploymentPostprocessing = 0;
		};
		A5BC11E326652BBF003D4F0A /* Resources */ = {
			isa = PBXResourcesBuildPhase;
			buildActionMask = 2147483647;
			files = (
			);
			runOnlyForDeploymentPostprocessing = 0;
		};
		A5FA2E0C267389ED0045F2E8 /* Resources */ = {
			isa = PBXResourcesBuildPhase;
			buildActionMask = 2147483647;
			files = (
			);
			runOnlyForDeploymentPostprocessing = 0;
		};
		A5FA2E14267389ED0045F2E8 /* Resources */ = {
			isa = PBXResourcesBuildPhase;
			buildActionMask = 2147483647;
			files = (
			);
			runOnlyForDeploymentPostprocessing = 0;
		};
/* End PBXResourcesBuildPhase section */

/* Begin PBXSourcesBuildPhase section */
		A50F98AB266FAD2F0047A4EE /* Sources */ = {
			isa = PBXSourcesBuildPhase;
			buildActionMask = 2147483647;
			files = (
				A52AF6A126727A0100876CA2 /* AlamofireAdapter.swift in Sources */,
			);
			runOnlyForDeploymentPostprocessing = 0;
		};
		A50F98B3266FAD2F0047A4EE /* Sources */ = {
			isa = PBXSourcesBuildPhase;
			buildActionMask = 2147483647;
			files = (
				A50F98CD266FAE560047A4EE /* TestFactories.swift in Sources */,
				A50F98BD266FAD2F0047A4EE /* AlamofireAdapterTests.swift in Sources */,
				A50F98CC266FAE4D0047A4EE /* TestExtensions.swift in Sources */,
				A52AF6A526727BA600876CA2 /* UrlProtocolStub.swift in Sources */,
			);
			runOnlyForDeploymentPostprocessing = 0;
		};
		A58543EA2677BC6900682F6F /* Sources */ = {
			isa = PBXSourcesBuildPhase;
			buildActionMask = 2147483647;
			files = (
				A5518A322677CDF500515DE6 /* SignUpViewModel.swift in Sources */,
				A585440B2677BF6800682F6F /* SignUpViewController.swift in Sources */,
			);
			runOnlyForDeploymentPostprocessing = 0;
		};
		A58543F22677BC6A00682F6F /* Sources */ = {
			isa = PBXSourcesBuildPhase;
			buildActionMask = 2147483647;
			files = (
				A58543FC2677BC6A00682F6F /* SignUpViewControllerTests.swift in Sources */,
			);
			runOnlyForDeploymentPostprocessing = 0;
		};
		A5BC11C8266524D9003D4F0A /* Sources */ = {
			isa = PBXSourcesBuildPhase;
			buildActionMask = 2147483647;
			files = (
				A5BE33FF2667AE9E000E360E /* Model.swift in Sources */,
				A5BC11D526652A4E003D4F0A /* AddAccount.swift in Sources */,
				A564CA302667D072002DC162 /* DomainError.swift in Sources */,
				A5BC11D726652B74003D4F0A /* AccountModel.swift in Sources */,
			);
			runOnlyForDeploymentPostprocessing = 0;
		};
		A5BC11D926652BBF003D4F0A /* Sources */ = {
			isa = PBXSourcesBuildPhase;
			buildActionMask = 2147483647;
			files = (
				A5BE34032667AFC5000E360E /* HttpPostClient.swift in Sources */,
				A5FAE90F266E8ADD00681E61 /* ExtensionHelpers.swift in Sources */,
				A5D06B76266E426200960538 /* HttpError.swift in Sources */,
				A5BE34012667AF7C000E360E /* RemoteAddAccount.swift in Sources */,
			);
			runOnlyForDeploymentPostprocessing = 0;
		};
		A5BC11E126652BBF003D4F0A /* Sources */ = {
			isa = PBXSourcesBuildPhase;
			buildActionMask = 2147483647;
			files = (
				A50F98A4266F994C0047A4EE /* TestFactories.swift in Sources */,
				A50F98A7266F99BA0047A4EE /* HttpClientSpy.swift in Sources */,
				A5BC11EB26652BBF003D4F0A /* RemoteAddAccountTests.swift in Sources */,
				A50F98A9266F9A0C0047A4EE /* AccountModelFactory.swift in Sources */,
				A50F98A2266F98E10047A4EE /* TestExtensions.swift in Sources */,
			);
			runOnlyForDeploymentPostprocessing = 0;
		};
		A5FA2E0A267389ED0045F2E8 /* Sources */ = {
			isa = PBXSourcesBuildPhase;
			buildActionMask = 2147483647;
			files = (
				A5A44F8C2677923100288E2D /* LoadingView.swift in Sources */,
				A5FA2E2E26739B8D0045F2E8 /* AlertView.swift in Sources */,
				A5FA2E332673A5D80045F2E8 /* EmailValidator.swift in Sources */,
			);
			runOnlyForDeploymentPostprocessing = 0;
		};
		A5FA2E12267389ED0045F2E8 /* Sources */ = {
			isa = PBXSourcesBuildPhase;
			buildActionMask = 2147483647;
			files = (
				A58543E32677A63D00682F6F /* AddAccountSpy.swift in Sources */,
				A5A44F9226779F7B00288E2D /* SignUpPresenter.swift in Sources */,
				A5FA2E342673D3F00045F2E8 /* AccountModelFactory.swift in Sources */,
				A5A44F8A267784C300288E2D /* TestExtensions.swift in Sources */,
				A5A44F9126779EAC00288E2D /* SignUpMapper.swift in Sources */,
				A58543E52677A67B00682F6F /* LoadingViewSpy.swift in Sources */,
				A5A44F8F26779E4C00288E2D /* SignUpViewModel.swift in Sources */,
				A58543DF2677A5F900682F6F /* EmailValidatorSpy.swift in Sources */,
				A58543E82677A73200682F6F /* TestFactories.swift in Sources */,
				A58543DC2677A5B400682F6F /* AlertViewSpy.swift in Sources */,
				A5FA2E1C267389ED0045F2E8 /* SignUpPresenterTests.swift in Sources */,
			);
			runOnlyForDeploymentPostprocessing = 0;
		};
/* End PBXSourcesBuildPhase section */

/* Begin PBXTargetDependency section */
		A50F98BA266FAD2F0047A4EE /* PBXTargetDependency */ = {
			isa = PBXTargetDependency;
			target = A50F98AE266FAD2F0047A4EE /* Infra */;
			targetProxy = A50F98B9266FAD2F0047A4EE /* PBXContainerItemProxy */;
		};
		A50F98C9266FAE210047A4EE /* PBXTargetDependency */ = {
			isa = PBXTargetDependency;
			target = A5BC11DC26652BBF003D4F0A /* Data */;
			targetProxy = A50F98C8266FAE210047A4EE /* PBXContainerItemProxy */;
		};
		A58543F92677BC6A00682F6F /* PBXTargetDependency */ = {
			isa = PBXTargetDependency;
			target = A58543ED2677BC6900682F6F /* UI */;
			targetProxy = A58543F82677BC6A00682F6F /* PBXContainerItemProxy */;
		};
		A58544082677BD6E00682F6F /* PBXTargetDependency */ = {
			isa = PBXTargetDependency;
			target = A5FA2E0D267389ED0045F2E8 /* Presentation */;
			targetProxy = A58544072677BD6E00682F6F /* PBXContainerItemProxy */;
		};
		A5A44F962677A03500288E2D /* PBXTargetDependency */ = {
			isa = PBXTargetDependency;
			target = A5BC11DC26652BBF003D4F0A /* Data */;
			targetProxy = A5A44F952677A03500288E2D /* PBXContainerItemProxy */;
		};
		A5BC11E826652BBF003D4F0A /* PBXTargetDependency */ = {
			isa = PBXTargetDependency;
			target = A5BC11DC26652BBF003D4F0A /* Data */;
			targetProxy = A5BC11E726652BBF003D4F0A /* PBXContainerItemProxy */;
		};
		A5BC11F826652BEB003D4F0A /* PBXTargetDependency */ = {
			isa = PBXTargetDependency;
			target = A5BC11CB266524D9003D4F0A /* Domain */;
			targetProxy = A5BC11F726652BEB003D4F0A /* PBXContainerItemProxy */;
		};
		A5FA2E19267389ED0045F2E8 /* PBXTargetDependency */ = {
			isa = PBXTargetDependency;
			target = A5FA2E0D267389ED0045F2E8 /* Presentation */;
			targetProxy = A5FA2E18267389ED0045F2E8 /* PBXContainerItemProxy */;
		};
		A5FA2E2A26739AF20045F2E8 /* PBXTargetDependency */ = {
			isa = PBXTargetDependency;
			target = A5BC11CB266524D9003D4F0A /* Domain */;
			targetProxy = A5FA2E2926739AF20045F2E8 /* PBXContainerItemProxy */;
		};
/* End PBXTargetDependency section */

/* Begin XCBuildConfiguration section */
		A50F98C1266FAD2F0047A4EE /* Debug */ = {
			isa = XCBuildConfiguration;
			buildSettings = {
				CLANG_ENABLE_MODULES = YES;
				CODE_SIGN_STYLE = Automatic;
				COMBINE_HIDPI_IMAGES = YES;
				CURRENT_PROJECT_VERSION = 1;
				DEFINES_MODULE = YES;
				DYLIB_COMPATIBILITY_VERSION = 1;
				DYLIB_CURRENT_VERSION = 1;
				DYLIB_INSTALL_NAME_BASE = "@rpath";
				INFOPLIST_FILE = Infra/Info.plist;
				INSTALL_PATH = "$(LOCAL_LIBRARY_DIR)/Frameworks";
				LD_RUNPATH_SEARCH_PATHS = (
					"$(inherited)",
					"@executable_path/../Frameworks",
					"@loader_path/Frameworks",
				);
				MACOSX_DEPLOYMENT_TARGET = 11.3;
				PRODUCT_BUNDLE_IDENTIFIER = com.joaopqz.Infra;
				PRODUCT_NAME = "$(TARGET_NAME:c99extidentifier)";
				SDKROOT = macosx;
				SKIP_INSTALL = YES;
				SUPPORTED_PLATFORMS = "iphonesimulator iphoneos macosx";
				SWIFT_OPTIMIZATION_LEVEL = "-Onone";
				SWIFT_VERSION = 5.0;
				VERSIONING_SYSTEM = "apple-generic";
				VERSION_INFO_PREFIX = "";
			};
			name = Debug;
		};
		A50F98C2266FAD2F0047A4EE /* Release */ = {
			isa = XCBuildConfiguration;
			buildSettings = {
				CLANG_ENABLE_MODULES = YES;
				CODE_SIGN_STYLE = Automatic;
				COMBINE_HIDPI_IMAGES = YES;
				CURRENT_PROJECT_VERSION = 1;
				DEFINES_MODULE = YES;
				DYLIB_COMPATIBILITY_VERSION = 1;
				DYLIB_CURRENT_VERSION = 1;
				DYLIB_INSTALL_NAME_BASE = "@rpath";
				INFOPLIST_FILE = Infra/Info.plist;
				INSTALL_PATH = "$(LOCAL_LIBRARY_DIR)/Frameworks";
				LD_RUNPATH_SEARCH_PATHS = (
					"$(inherited)",
					"@executable_path/../Frameworks",
					"@loader_path/Frameworks",
				);
				MACOSX_DEPLOYMENT_TARGET = 11.3;
				PRODUCT_BUNDLE_IDENTIFIER = com.joaopqz.Infra;
				PRODUCT_NAME = "$(TARGET_NAME:c99extidentifier)";
				SDKROOT = macosx;
				SKIP_INSTALL = YES;
				SUPPORTED_PLATFORMS = "iphonesimulator iphoneos macosx";
				SWIFT_VERSION = 5.0;
				VERSIONING_SYSTEM = "apple-generic";
				VERSION_INFO_PREFIX = "";
			};
			name = Release;
		};
		A50F98C4266FAD2F0047A4EE /* Debug */ = {
			isa = XCBuildConfiguration;
			buildSettings = {
				ALWAYS_EMBED_SWIFT_STANDARD_LIBRARIES = YES;
				CODE_SIGN_STYLE = Automatic;
				COMBINE_HIDPI_IMAGES = YES;
				INFOPLIST_FILE = InfraTests/Info.plist;
				LD_RUNPATH_SEARCH_PATHS = (
					"$(inherited)",
					"@executable_path/../Frameworks",
					"@loader_path/../Frameworks",
				);
				MACOSX_DEPLOYMENT_TARGET = 11.3;
				PRODUCT_BUNDLE_IDENTIFIER = com.joaopqz.InfraTests;
				PRODUCT_NAME = "$(TARGET_NAME)";
				SDKROOT = macosx;
				SUPPORTED_PLATFORMS = "iphonesimulator iphoneos macosx";
				SWIFT_VERSION = 5.0;
			};
			name = Debug;
		};
		A50F98C5266FAD2F0047A4EE /* Release */ = {
			isa = XCBuildConfiguration;
			buildSettings = {
				ALWAYS_EMBED_SWIFT_STANDARD_LIBRARIES = YES;
				CODE_SIGN_STYLE = Automatic;
				COMBINE_HIDPI_IMAGES = YES;
				INFOPLIST_FILE = InfraTests/Info.plist;
				LD_RUNPATH_SEARCH_PATHS = (
					"$(inherited)",
					"@executable_path/../Frameworks",
					"@loader_path/../Frameworks",
				);
				MACOSX_DEPLOYMENT_TARGET = 11.3;
				PRODUCT_BUNDLE_IDENTIFIER = com.joaopqz.InfraTests;
				PRODUCT_NAME = "$(TARGET_NAME)";
				SDKROOT = macosx;
				SUPPORTED_PLATFORMS = "iphonesimulator iphoneos macosx";
				SWIFT_VERSION = 5.0;
			};
			name = Release;
		};
		A58544002677BC6A00682F6F /* Debug */ = {
			isa = XCBuildConfiguration;
			buildSettings = {
				CLANG_ENABLE_MODULES = YES;
				CODE_SIGN_STYLE = Automatic;
				COMBINE_HIDPI_IMAGES = YES;
				CURRENT_PROJECT_VERSION = 1;
				DEFINES_MODULE = YES;
				DYLIB_COMPATIBILITY_VERSION = 1;
				DYLIB_CURRENT_VERSION = 1;
				DYLIB_INSTALL_NAME_BASE = "@rpath";
				INFOPLIST_FILE = UI/Info.plist;
				INSTALL_PATH = "$(LOCAL_LIBRARY_DIR)/Frameworks";
				LD_RUNPATH_SEARCH_PATHS = (
					"$(inherited)",
					"@executable_path/../Frameworks",
					"@loader_path/Frameworks",
				);
				MACOSX_DEPLOYMENT_TARGET = 11.3;
				PRODUCT_BUNDLE_IDENTIFIER = com.joaopqz.UI;
				PRODUCT_NAME = "$(TARGET_NAME:c99extidentifier)";
				SDKROOT = macosx;
				SKIP_INSTALL = YES;
				SUPPORTED_PLATFORMS = "macosx iphoneos iphonesimulator";
				SWIFT_OPTIMIZATION_LEVEL = "-Onone";
				SWIFT_VERSION = 5.0;
				VERSIONING_SYSTEM = "apple-generic";
				VERSION_INFO_PREFIX = "";
			};
			name = Debug;
		};
		A58544012677BC6A00682F6F /* Release */ = {
			isa = XCBuildConfiguration;
			buildSettings = {
				CLANG_ENABLE_MODULES = YES;
				CODE_SIGN_STYLE = Automatic;
				COMBINE_HIDPI_IMAGES = YES;
				CURRENT_PROJECT_VERSION = 1;
				DEFINES_MODULE = YES;
				DYLIB_COMPATIBILITY_VERSION = 1;
				DYLIB_CURRENT_VERSION = 1;
				DYLIB_INSTALL_NAME_BASE = "@rpath";
				INFOPLIST_FILE = UI/Info.plist;
				INSTALL_PATH = "$(LOCAL_LIBRARY_DIR)/Frameworks";
				LD_RUNPATH_SEARCH_PATHS = (
					"$(inherited)",
					"@executable_path/../Frameworks",
					"@loader_path/Frameworks",
				);
				MACOSX_DEPLOYMENT_TARGET = 11.3;
				PRODUCT_BUNDLE_IDENTIFIER = com.joaopqz.UI;
				PRODUCT_NAME = "$(TARGET_NAME:c99extidentifier)";
				SDKROOT = macosx;
				SKIP_INSTALL = YES;
				SUPPORTED_PLATFORMS = "macosx iphoneos iphonesimulator";
				SWIFT_VERSION = 5.0;
				VERSIONING_SYSTEM = "apple-generic";
				VERSION_INFO_PREFIX = "";
			};
			name = Release;
		};
		A58544032677BC6A00682F6F /* Debug */ = {
			isa = XCBuildConfiguration;
			buildSettings = {
				ALWAYS_EMBED_SWIFT_STANDARD_LIBRARIES = YES;
				CODE_SIGN_STYLE = Automatic;
				COMBINE_HIDPI_IMAGES = YES;
				INFOPLIST_FILE = UITests/Info.plist;
				LD_RUNPATH_SEARCH_PATHS = (
					"$(inherited)",
					"@executable_path/../Frameworks",
					"@loader_path/../Frameworks",
				);
				MACOSX_DEPLOYMENT_TARGET = 11.3;
				PRODUCT_BUNDLE_IDENTIFIER = com.joaopqz.UITests;
				PRODUCT_NAME = "$(TARGET_NAME)";
				SDKROOT = macosx;
				SUPPORTED_PLATFORMS = "macosx iphoneos iphonesimulator";
				SWIFT_VERSION = 5.0;
			};
			name = Debug;
		};
		A58544042677BC6A00682F6F /* Release */ = {
			isa = XCBuildConfiguration;
			buildSettings = {
				ALWAYS_EMBED_SWIFT_STANDARD_LIBRARIES = YES;
				CODE_SIGN_STYLE = Automatic;
				COMBINE_HIDPI_IMAGES = YES;
				INFOPLIST_FILE = UITests/Info.plist;
				LD_RUNPATH_SEARCH_PATHS = (
					"$(inherited)",
					"@executable_path/../Frameworks",
					"@loader_path/../Frameworks",
				);
				MACOSX_DEPLOYMENT_TARGET = 11.3;
				PRODUCT_BUNDLE_IDENTIFIER = com.joaopqz.UITests;
				PRODUCT_NAME = "$(TARGET_NAME)";
				SDKROOT = macosx;
				SUPPORTED_PLATFORMS = "macosx iphoneos iphonesimulator";
				SWIFT_VERSION = 5.0;
			};
			name = Release;
		};
		A5BC11C22665242E003D4F0A /* Debug */ = {
			isa = XCBuildConfiguration;
			buildSettings = {
				ALWAYS_SEARCH_USER_PATHS = NO;
				CLANG_ANALYZER_NONNULL = YES;
				CLANG_ANALYZER_NUMBER_OBJECT_CONVERSION = YES_AGGRESSIVE;
				CLANG_CXX_LANGUAGE_STANDARD = "gnu++14";
				CLANG_CXX_LIBRARY = "libc++";
				CLANG_ENABLE_MODULES = YES;
				CLANG_ENABLE_OBJC_ARC = YES;
				CLANG_ENABLE_OBJC_WEAK = YES;
				CLANG_WARN_BLOCK_CAPTURE_AUTORELEASING = YES;
				CLANG_WARN_BOOL_CONVERSION = YES;
				CLANG_WARN_COMMA = YES;
				CLANG_WARN_CONSTANT_CONVERSION = YES;
				CLANG_WARN_DEPRECATED_OBJC_IMPLEMENTATIONS = YES;
				CLANG_WARN_DIRECT_OBJC_ISA_USAGE = YES_ERROR;
				CLANG_WARN_DOCUMENTATION_COMMENTS = YES;
				CLANG_WARN_EMPTY_BODY = YES;
				CLANG_WARN_ENUM_CONVERSION = YES;
				CLANG_WARN_INFINITE_RECURSION = YES;
				CLANG_WARN_INT_CONVERSION = YES;
				CLANG_WARN_NON_LITERAL_NULL_CONVERSION = YES;
				CLANG_WARN_OBJC_IMPLICIT_RETAIN_SELF = YES;
				CLANG_WARN_OBJC_LITERAL_CONVERSION = YES;
				CLANG_WARN_OBJC_ROOT_CLASS = YES_ERROR;
				CLANG_WARN_QUOTED_INCLUDE_IN_FRAMEWORK_HEADER = YES;
				CLANG_WARN_RANGE_LOOP_ANALYSIS = YES;
				CLANG_WARN_STRICT_PROTOTYPES = YES;
				CLANG_WARN_SUSPICIOUS_MOVE = YES;
				CLANG_WARN_UNGUARDED_AVAILABILITY = YES_AGGRESSIVE;
				CLANG_WARN_UNREACHABLE_CODE = YES;
				CLANG_WARN__DUPLICATE_METHOD_MATCH = YES;
				COPY_PHASE_STRIP = NO;
				DEBUG_INFORMATION_FORMAT = dwarf;
				ENABLE_STRICT_OBJC_MSGSEND = YES;
				ENABLE_TESTABILITY = YES;
				GCC_C_LANGUAGE_STANDARD = gnu11;
				GCC_DYNAMIC_NO_PIC = NO;
				GCC_NO_COMMON_BLOCKS = YES;
				GCC_OPTIMIZATION_LEVEL = 0;
				GCC_PREPROCESSOR_DEFINITIONS = (
					"DEBUG=1",
					"$(inherited)",
				);
				GCC_WARN_64_TO_32_BIT_CONVERSION = YES;
				GCC_WARN_ABOUT_RETURN_TYPE = YES_ERROR;
				GCC_WARN_UNDECLARED_SELECTOR = YES;
				GCC_WARN_UNINITIALIZED_AUTOS = YES_AGGRESSIVE;
				GCC_WARN_UNUSED_FUNCTION = YES;
				GCC_WARN_UNUSED_VARIABLE = YES;
				IPHONEOS_DEPLOYMENT_TARGET = 14.5;
				MTL_ENABLE_DEBUG_INFO = INCLUDE_SOURCE;
				MTL_FAST_MATH = YES;
				ONLY_ACTIVE_ARCH = YES;
				SDKROOT = iphoneos;
				SWIFT_ACTIVE_COMPILATION_CONDITIONS = DEBUG;
				SWIFT_OPTIMIZATION_LEVEL = "-Onone";
			};
			name = Debug;
		};
		A5BC11C32665242E003D4F0A /* Release */ = {
			isa = XCBuildConfiguration;
			buildSettings = {
				ALWAYS_SEARCH_USER_PATHS = NO;
				CLANG_ANALYZER_NONNULL = YES;
				CLANG_ANALYZER_NUMBER_OBJECT_CONVERSION = YES_AGGRESSIVE;
				CLANG_CXX_LANGUAGE_STANDARD = "gnu++14";
				CLANG_CXX_LIBRARY = "libc++";
				CLANG_ENABLE_MODULES = YES;
				CLANG_ENABLE_OBJC_ARC = YES;
				CLANG_ENABLE_OBJC_WEAK = YES;
				CLANG_WARN_BLOCK_CAPTURE_AUTORELEASING = YES;
				CLANG_WARN_BOOL_CONVERSION = YES;
				CLANG_WARN_COMMA = YES;
				CLANG_WARN_CONSTANT_CONVERSION = YES;
				CLANG_WARN_DEPRECATED_OBJC_IMPLEMENTATIONS = YES;
				CLANG_WARN_DIRECT_OBJC_ISA_USAGE = YES_ERROR;
				CLANG_WARN_DOCUMENTATION_COMMENTS = YES;
				CLANG_WARN_EMPTY_BODY = YES;
				CLANG_WARN_ENUM_CONVERSION = YES;
				CLANG_WARN_INFINITE_RECURSION = YES;
				CLANG_WARN_INT_CONVERSION = YES;
				CLANG_WARN_NON_LITERAL_NULL_CONVERSION = YES;
				CLANG_WARN_OBJC_IMPLICIT_RETAIN_SELF = YES;
				CLANG_WARN_OBJC_LITERAL_CONVERSION = YES;
				CLANG_WARN_OBJC_ROOT_CLASS = YES_ERROR;
				CLANG_WARN_QUOTED_INCLUDE_IN_FRAMEWORK_HEADER = YES;
				CLANG_WARN_RANGE_LOOP_ANALYSIS = YES;
				CLANG_WARN_STRICT_PROTOTYPES = YES;
				CLANG_WARN_SUSPICIOUS_MOVE = YES;
				CLANG_WARN_UNGUARDED_AVAILABILITY = YES_AGGRESSIVE;
				CLANG_WARN_UNREACHABLE_CODE = YES;
				CLANG_WARN__DUPLICATE_METHOD_MATCH = YES;
				COPY_PHASE_STRIP = NO;
				DEBUG_INFORMATION_FORMAT = "dwarf-with-dsym";
				ENABLE_NS_ASSERTIONS = NO;
				ENABLE_STRICT_OBJC_MSGSEND = YES;
				GCC_C_LANGUAGE_STANDARD = gnu11;
				GCC_NO_COMMON_BLOCKS = YES;
				GCC_WARN_64_TO_32_BIT_CONVERSION = YES;
				GCC_WARN_ABOUT_RETURN_TYPE = YES_ERROR;
				GCC_WARN_UNDECLARED_SELECTOR = YES;
				GCC_WARN_UNINITIALIZED_AUTOS = YES_AGGRESSIVE;
				GCC_WARN_UNUSED_FUNCTION = YES;
				GCC_WARN_UNUSED_VARIABLE = YES;
				IPHONEOS_DEPLOYMENT_TARGET = 14.5;
				MTL_ENABLE_DEBUG_INFO = NO;
				MTL_FAST_MATH = YES;
				SDKROOT = iphoneos;
				SWIFT_COMPILATION_MODE = wholemodule;
				SWIFT_OPTIMIZATION_LEVEL = "-O";
				VALIDATE_PRODUCT = YES;
			};
			name = Release;
		};
		A5BC11D2266524D9003D4F0A /* Debug */ = {
			isa = XCBuildConfiguration;
			buildSettings = {
				CLANG_ENABLE_MODULES = YES;
				CODE_SIGN_STYLE = Automatic;
				COMBINE_HIDPI_IMAGES = YES;
				CURRENT_PROJECT_VERSION = 1;
				DEFINES_MODULE = YES;
				DYLIB_COMPATIBILITY_VERSION = 1;
				DYLIB_CURRENT_VERSION = 1;
				DYLIB_INSTALL_NAME_BASE = "@rpath";
				INFOPLIST_FILE = Domain/Info.plist;
				INSTALL_PATH = "$(LOCAL_LIBRARY_DIR)/Frameworks";
				LD_RUNPATH_SEARCH_PATHS = (
					"$(inherited)",
					"@executable_path/../Frameworks",
					"@loader_path/Frameworks",
				);
				MACOSX_DEPLOYMENT_TARGET = 11.3;
				PRODUCT_BUNDLE_IDENTIFIER = com.joaopqz.Domain;
				PRODUCT_NAME = "$(TARGET_NAME:c99extidentifier)";
				SDKROOT = macosx;
				SKIP_INSTALL = YES;
				SUPPORTED_PLATFORMS = "iphonesimulator iphoneos macosx";
				SWIFT_OPTIMIZATION_LEVEL = "-Onone";
				SWIFT_VERSION = 5.0;
				VERSIONING_SYSTEM = "apple-generic";
				VERSION_INFO_PREFIX = "";
			};
			name = Debug;
		};
		A5BC11D3266524D9003D4F0A /* Release */ = {
			isa = XCBuildConfiguration;
			buildSettings = {
				CLANG_ENABLE_MODULES = YES;
				CODE_SIGN_STYLE = Automatic;
				COMBINE_HIDPI_IMAGES = YES;
				CURRENT_PROJECT_VERSION = 1;
				DEFINES_MODULE = YES;
				DYLIB_COMPATIBILITY_VERSION = 1;
				DYLIB_CURRENT_VERSION = 1;
				DYLIB_INSTALL_NAME_BASE = "@rpath";
				INFOPLIST_FILE = Domain/Info.plist;
				INSTALL_PATH = "$(LOCAL_LIBRARY_DIR)/Frameworks";
				LD_RUNPATH_SEARCH_PATHS = (
					"$(inherited)",
					"@executable_path/../Frameworks",
					"@loader_path/Frameworks",
				);
				MACOSX_DEPLOYMENT_TARGET = 11.3;
				PRODUCT_BUNDLE_IDENTIFIER = com.joaopqz.Domain;
				PRODUCT_NAME = "$(TARGET_NAME:c99extidentifier)";
				SDKROOT = macosx;
				SKIP_INSTALL = YES;
				SUPPORTED_PLATFORMS = "iphonesimulator iphoneos macosx";
				SWIFT_VERSION = 5.0;
				VERSIONING_SYSTEM = "apple-generic";
				VERSION_INFO_PREFIX = "";
			};
			name = Release;
		};
		A5BC11EF26652BBF003D4F0A /* Debug */ = {
			isa = XCBuildConfiguration;
			buildSettings = {
				CLANG_ENABLE_MODULES = YES;
				CODE_SIGN_STYLE = Automatic;
				COMBINE_HIDPI_IMAGES = YES;
				CURRENT_PROJECT_VERSION = 1;
				DEFINES_MODULE = YES;
				DYLIB_COMPATIBILITY_VERSION = 1;
				DYLIB_CURRENT_VERSION = 1;
				DYLIB_INSTALL_NAME_BASE = "@rpath";
				INFOPLIST_FILE = Data/Info.plist;
				INSTALL_PATH = "$(LOCAL_LIBRARY_DIR)/Frameworks";
				LD_RUNPATH_SEARCH_PATHS = (
					"$(inherited)",
					"@executable_path/../Frameworks",
					"@loader_path/Frameworks",
				);
				MACOSX_DEPLOYMENT_TARGET = 11.3;
				PRODUCT_BUNDLE_IDENTIFIER = com.joaopqz.Data;
				PRODUCT_NAME = "$(TARGET_NAME:c99extidentifier)";
				SDKROOT = macosx;
				SKIP_INSTALL = YES;
				SUPPORTED_PLATFORMS = "iphonesimulator iphoneos macosx";
				SWIFT_OPTIMIZATION_LEVEL = "-Onone";
				SWIFT_VERSION = 5.0;
				VERSIONING_SYSTEM = "apple-generic";
				VERSION_INFO_PREFIX = "";
			};
			name = Debug;
		};
		A5BC11F026652BBF003D4F0A /* Release */ = {
			isa = XCBuildConfiguration;
			buildSettings = {
				CLANG_ENABLE_MODULES = YES;
				CODE_SIGN_STYLE = Automatic;
				COMBINE_HIDPI_IMAGES = YES;
				CURRENT_PROJECT_VERSION = 1;
				DEFINES_MODULE = YES;
				DYLIB_COMPATIBILITY_VERSION = 1;
				DYLIB_CURRENT_VERSION = 1;
				DYLIB_INSTALL_NAME_BASE = "@rpath";
				INFOPLIST_FILE = Data/Info.plist;
				INSTALL_PATH = "$(LOCAL_LIBRARY_DIR)/Frameworks";
				LD_RUNPATH_SEARCH_PATHS = (
					"$(inherited)",
					"@executable_path/../Frameworks",
					"@loader_path/Frameworks",
				);
				MACOSX_DEPLOYMENT_TARGET = 11.3;
				PRODUCT_BUNDLE_IDENTIFIER = com.joaopqz.Data;
				PRODUCT_NAME = "$(TARGET_NAME:c99extidentifier)";
				SDKROOT = macosx;
				SKIP_INSTALL = YES;
				SUPPORTED_PLATFORMS = "iphonesimulator iphoneos macosx";
				SWIFT_VERSION = 5.0;
				VERSIONING_SYSTEM = "apple-generic";
				VERSION_INFO_PREFIX = "";
			};
			name = Release;
		};
		A5BC11F226652BBF003D4F0A /* Debug */ = {
			isa = XCBuildConfiguration;
			buildSettings = {
				ALWAYS_EMBED_SWIFT_STANDARD_LIBRARIES = YES;
				CODE_SIGN_STYLE = Automatic;
				COMBINE_HIDPI_IMAGES = YES;
				INFOPLIST_FILE = DataTests/Info.plist;
				LD_RUNPATH_SEARCH_PATHS = (
					"$(inherited)",
					"@executable_path/../Frameworks",
					"@loader_path/../Frameworks",
				);
				MACOSX_DEPLOYMENT_TARGET = 11.3;
				PRODUCT_BUNDLE_IDENTIFIER = com.joaopqz.DataTests;
				PRODUCT_NAME = "$(TARGET_NAME)";
				SDKROOT = macosx;
				SUPPORTED_PLATFORMS = "iphonesimulator iphoneos macosx";
				SWIFT_VERSION = 5.0;
			};
			name = Debug;
		};
		A5BC11F326652BBF003D4F0A /* Release */ = {
			isa = XCBuildConfiguration;
			buildSettings = {
				ALWAYS_EMBED_SWIFT_STANDARD_LIBRARIES = YES;
				CODE_SIGN_STYLE = Automatic;
				COMBINE_HIDPI_IMAGES = YES;
				INFOPLIST_FILE = DataTests/Info.plist;
				LD_RUNPATH_SEARCH_PATHS = (
					"$(inherited)",
					"@executable_path/../Frameworks",
					"@loader_path/../Frameworks",
				);
				MACOSX_DEPLOYMENT_TARGET = 11.3;
				PRODUCT_BUNDLE_IDENTIFIER = com.joaopqz.DataTests;
				PRODUCT_NAME = "$(TARGET_NAME)";
				SDKROOT = macosx;
				SUPPORTED_PLATFORMS = "iphonesimulator iphoneos macosx";
				SWIFT_VERSION = 5.0;
			};
			name = Release;
		};
		A5FA2E1F267389ED0045F2E8 /* Debug */ = {
			isa = XCBuildConfiguration;
			buildSettings = {
				CLANG_ENABLE_MODULES = YES;
				CODE_SIGN_STYLE = Automatic;
				COMBINE_HIDPI_IMAGES = YES;
				CURRENT_PROJECT_VERSION = 1;
				DEFINES_MODULE = YES;
				DYLIB_COMPATIBILITY_VERSION = 1;
				DYLIB_CURRENT_VERSION = 1;
				DYLIB_INSTALL_NAME_BASE = "@rpath";
				INFOPLIST_FILE = Presentation/Info.plist;
				INSTALL_PATH = "$(LOCAL_LIBRARY_DIR)/Frameworks";
				LD_RUNPATH_SEARCH_PATHS = (
					"$(inherited)",
					"@executable_path/../Frameworks",
					"@loader_path/Frameworks",
				);
				MACOSX_DEPLOYMENT_TARGET = 11.3;
				PRODUCT_BUNDLE_IDENTIFIER = com.joaopqz.Presentation;
				PRODUCT_NAME = "$(TARGET_NAME:c99extidentifier)";
				SDKROOT = macosx;
				SKIP_INSTALL = YES;
				SUPPORTED_PLATFORMS = "iphonesimulator iphoneos macosx";
				SWIFT_OPTIMIZATION_LEVEL = "-Onone";
				SWIFT_VERSION = 5.0;
				VERSIONING_SYSTEM = "apple-generic";
				VERSION_INFO_PREFIX = "";
			};
			name = Debug;
		};
		A5FA2E20267389ED0045F2E8 /* Release */ = {
			isa = XCBuildConfiguration;
			buildSettings = {
				CLANG_ENABLE_MODULES = YES;
				CODE_SIGN_STYLE = Automatic;
				COMBINE_HIDPI_IMAGES = YES;
				CURRENT_PROJECT_VERSION = 1;
				DEFINES_MODULE = YES;
				DYLIB_COMPATIBILITY_VERSION = 1;
				DYLIB_CURRENT_VERSION = 1;
				DYLIB_INSTALL_NAME_BASE = "@rpath";
				INFOPLIST_FILE = Presentation/Info.plist;
				INSTALL_PATH = "$(LOCAL_LIBRARY_DIR)/Frameworks";
				LD_RUNPATH_SEARCH_PATHS = (
					"$(inherited)",
					"@executable_path/../Frameworks",
					"@loader_path/Frameworks",
				);
				MACOSX_DEPLOYMENT_TARGET = 11.3;
				PRODUCT_BUNDLE_IDENTIFIER = com.joaopqz.Presentation;
				PRODUCT_NAME = "$(TARGET_NAME:c99extidentifier)";
				SDKROOT = macosx;
				SKIP_INSTALL = YES;
				SUPPORTED_PLATFORMS = "iphonesimulator iphoneos macosx";
				SWIFT_VERSION = 5.0;
				VERSIONING_SYSTEM = "apple-generic";
				VERSION_INFO_PREFIX = "";
			};
			name = Release;
		};
		A5FA2E21267389ED0045F2E8 /* Debug */ = {
			isa = XCBuildConfiguration;
			buildSettings = {
				ALWAYS_EMBED_SWIFT_STANDARD_LIBRARIES = YES;
				CODE_SIGN_STYLE = Automatic;
				COMBINE_HIDPI_IMAGES = YES;
				INFOPLIST_FILE = PresentationTests/Info.plist;
				LD_RUNPATH_SEARCH_PATHS = (
					"$(inherited)",
					"@executable_path/../Frameworks",
					"@loader_path/../Frameworks",
				);
				MACOSX_DEPLOYMENT_TARGET = 11.3;
				PRODUCT_BUNDLE_IDENTIFIER = com.joaopqz.PresentationTests;
				PRODUCT_NAME = "$(TARGET_NAME)";
				SDKROOT = macosx;
				SUPPORTED_PLATFORMS = "iphonesimulator iphoneos macosx";
				SWIFT_VERSION = 5.0;
			};
			name = Debug;
		};
		A5FA2E22267389ED0045F2E8 /* Release */ = {
			isa = XCBuildConfiguration;
			buildSettings = {
				ALWAYS_EMBED_SWIFT_STANDARD_LIBRARIES = YES;
				CODE_SIGN_STYLE = Automatic;
				COMBINE_HIDPI_IMAGES = YES;
				INFOPLIST_FILE = PresentationTests/Info.plist;
				LD_RUNPATH_SEARCH_PATHS = (
					"$(inherited)",
					"@executable_path/../Frameworks",
					"@loader_path/../Frameworks",
				);
				MACOSX_DEPLOYMENT_TARGET = 11.3;
				PRODUCT_BUNDLE_IDENTIFIER = com.joaopqz.PresentationTests;
				PRODUCT_NAME = "$(TARGET_NAME)";
				SDKROOT = macosx;
				SUPPORTED_PLATFORMS = "iphonesimulator iphoneos macosx";
				SWIFT_VERSION = 5.0;
			};
			name = Release;
		};
/* End XCBuildConfiguration section */

/* Begin XCConfigurationList section */
		A50F98C0266FAD2F0047A4EE /* Build configuration list for PBXNativeTarget "Infra" */ = {
			isa = XCConfigurationList;
			buildConfigurations = (
				A50F98C1266FAD2F0047A4EE /* Debug */,
				A50F98C2266FAD2F0047A4EE /* Release */,
			);
			defaultConfigurationIsVisible = 0;
			defaultConfigurationName = Release;
		};
		A50F98C3266FAD2F0047A4EE /* Build configuration list for PBXNativeTarget "InfraTests" */ = {
			isa = XCConfigurationList;
			buildConfigurations = (
				A50F98C4266FAD2F0047A4EE /* Debug */,
				A50F98C5266FAD2F0047A4EE /* Release */,
			);
			defaultConfigurationIsVisible = 0;
			defaultConfigurationName = Release;
		};
		A58543FF2677BC6A00682F6F /* Build configuration list for PBXNativeTarget "UI" */ = {
			isa = XCConfigurationList;
			buildConfigurations = (
				A58544002677BC6A00682F6F /* Debug */,
				A58544012677BC6A00682F6F /* Release */,
			);
			defaultConfigurationIsVisible = 0;
			defaultConfigurationName = Release;
		};
		A58544022677BC6A00682F6F /* Build configuration list for PBXNativeTarget "UITests" */ = {
			isa = XCConfigurationList;
			buildConfigurations = (
				A58544032677BC6A00682F6F /* Debug */,
				A58544042677BC6A00682F6F /* Release */,
			);
			defaultConfigurationIsVisible = 0;
			defaultConfigurationName = Release;
		};
		A5BC11AB2665242C003D4F0A /* Build configuration list for PBXProject "CleanApp" */ = {
			isa = XCConfigurationList;
			buildConfigurations = (
				A5BC11C22665242E003D4F0A /* Debug */,
				A5BC11C32665242E003D4F0A /* Release */,
			);
			defaultConfigurationIsVisible = 0;
			defaultConfigurationName = Release;
		};
		A5BC11D1266524D9003D4F0A /* Build configuration list for PBXNativeTarget "Domain" */ = {
			isa = XCConfigurationList;
			buildConfigurations = (
				A5BC11D2266524D9003D4F0A /* Debug */,
				A5BC11D3266524D9003D4F0A /* Release */,
			);
			defaultConfigurationIsVisible = 0;
			defaultConfigurationName = Release;
		};
		A5BC11EE26652BBF003D4F0A /* Build configuration list for PBXNativeTarget "Data" */ = {
			isa = XCConfigurationList;
			buildConfigurations = (
				A5BC11EF26652BBF003D4F0A /* Debug */,
				A5BC11F026652BBF003D4F0A /* Release */,
			);
			defaultConfigurationIsVisible = 0;
			defaultConfigurationName = Release;
		};
		A5BC11F126652BBF003D4F0A /* Build configuration list for PBXNativeTarget "DataTests" */ = {
			isa = XCConfigurationList;
			buildConfigurations = (
				A5BC11F226652BBF003D4F0A /* Debug */,
				A5BC11F326652BBF003D4F0A /* Release */,
			);
			defaultConfigurationIsVisible = 0;
			defaultConfigurationName = Release;
		};
		A5FA2E23267389ED0045F2E8 /* Build configuration list for PBXNativeTarget "Presentation" */ = {
			isa = XCConfigurationList;
			buildConfigurations = (
				A5FA2E1F267389ED0045F2E8 /* Debug */,
				A5FA2E20267389ED0045F2E8 /* Release */,
			);
			defaultConfigurationIsVisible = 0;
			defaultConfigurationName = Release;
		};
		A5FA2E24267389ED0045F2E8 /* Build configuration list for PBXNativeTarget "PresentationTests" */ = {
			isa = XCConfigurationList;
			buildConfigurations = (
				A5FA2E21267389ED0045F2E8 /* Debug */,
				A5FA2E22267389ED0045F2E8 /* Release */,
			);
			defaultConfigurationIsVisible = 0;
			defaultConfigurationName = Release;
		};
/* End XCConfigurationList section */

/* Begin XCRemoteSwiftPackageReference section */
		A5E553312670EEF6002624DB /* XCRemoteSwiftPackageReference "Alamofire" */ = {
			isa = XCRemoteSwiftPackageReference;
			repositoryURL = "https://github.com/Alamofire/Alamofire.git";
			requirement = {
				kind = exactVersion;
				version = 5.0.2;
			};
		};
/* End XCRemoteSwiftPackageReference section */

/* Begin XCSwiftPackageProductDependency section */
		A5E553322670EEF6002624DB /* Alamofire */ = {
			isa = XCSwiftPackageProductDependency;
			package = A5E553312670EEF6002624DB /* XCRemoteSwiftPackageReference "Alamofire" */;
			productName = Alamofire;
		};
/* End XCSwiftPackageProductDependency section */
	};
	rootObject = A5BC11A82665242C003D4F0A /* Project object */;
}
