// !$*UTF8*$!
{
	archiveVersion = 1;
	classes = {
	};
	objectVersion = 50;
	objects = {

/* Begin PBXBuildFile section */
		134B4C1C25A32FCE00395247 /* AppDelegate.swift in Sources */ = {isa = PBXBuildFile; fileRef = 134B4C1B25A32FCE00395247 /* AppDelegate.swift */; };
		134B4C1E25A32FCE00395247 /* SceneDelegate.swift in Sources */ = {isa = PBXBuildFile; fileRef = 134B4C1D25A32FCE00395247 /* SceneDelegate.swift */; };
		134B4C2025A32FCE00395247 /* ViewController.swift in Sources */ = {isa = PBXBuildFile; fileRef = 134B4C1F25A32FCE00395247 /* ViewController.swift */; };
		134B4C2325A32FCE00395247 /* Main.storyboard in Resources */ = {isa = PBXBuildFile; fileRef = 134B4C2125A32FCE00395247 /* Main.storyboard */; };
		134B4C2525A32FD000395247 /* Assets.xcassets in Resources */ = {isa = PBXBuildFile; fileRef = 134B4C2425A32FD000395247 /* Assets.xcassets */; };
		134B4C2825A32FD000395247 /* LaunchScreen.storyboard in Resources */ = {isa = PBXBuildFile; fileRef = 134B4C2625A32FD000395247 /* LaunchScreen.storyboard */; };
		134B4C3125A37F3800395247 /* Refeicao.swift in Sources */ = {isa = PBXBuildFile; fileRef = 134B4C3025A37F3800395247 /* Refeicao.swift */; };
		134B4C3325A3802000395247 /* Item.swift in Sources */ = {isa = PBXBuildFile; fileRef = 134B4C3225A3802000395247 /* Item.swift */; };
/* End PBXBuildFile section */

/* Begin PBXFileReference section */
		134B4C1825A32FCE00395247 /* eggplant-brownie.app */ = {isa = PBXFileReference; explicitFileType = wrapper.application; includeInIndex = 0; path = "eggplant-brownie.app"; sourceTree = BUILT_PRODUCTS_DIR; };
		134B4C1B25A32FCE00395247 /* AppDelegate.swift */ = {isa = PBXFileReference; lastKnownFileType = sourcecode.swift; path = AppDelegate.swift; sourceTree = "<group>"; };
		134B4C1D25A32FCE00395247 /* SceneDelegate.swift */ = {isa = PBXFileReference; lastKnownFileType = sourcecode.swift; path = SceneDelegate.swift; sourceTree = "<group>"; };
		134B4C1F25A32FCE00395247 /* ViewController.swift */ = {isa = PBXFileReference; lastKnownFileType = sourcecode.swift; path = ViewController.swift; sourceTree = "<group>"; };
		134B4C2225A32FCE00395247 /* Base */ = {isa = PBXFileReference; lastKnownFileType = file.storyboard; name = Base; path = Base.lproj/Main.storyboard; sourceTree = "<group>"; };
		134B4C2425A32FD000395247 /* Assets.xcassets */ = {isa = PBXFileReference; lastKnownFileType = folder.assetcatalog; path = Assets.xcassets; sourceTree = "<group>"; };
		134B4C2725A32FD000395247 /* Base */ = {isa = PBXFileReference; lastKnownFileType = file.storyboard; name = Base; path = Base.lproj/LaunchScreen.storyboard; sourceTree = "<group>"; };
		134B4C2925A32FD000395247 /* Info.plist */ = {isa = PBXFileReference; lastKnownFileType = text.plist.xml; path = Info.plist; sourceTree = "<group>"; };
		134B4C2F25A34C9E00395247 /* MyPlayground.playground */ = {isa = PBXFileReference; lastKnownFileType = file.playground; path = MyPlayground.playground; sourceTree = "<group>"; xcLanguageSpecificationIdentifier = xcode.lang.swift; };
		134B4C3025A37F3800395247 /* Refeicao.swift */ = {isa = PBXFileReference; lastKnownFileType = sourcecode.swift; path = Refeicao.swift; sourceTree = "<group>"; };
		134B4C3225A3802000395247 /* Item.swift */ = {isa = PBXFileReference; lastKnownFileType = sourcecode.swift; path = Item.swift; sourceTree = "<group>"; };
/* End PBXFileReference section */

/* Begin PBXFrameworksBuildPhase section */
		134B4C1525A32FCE00395247 /* Frameworks */ = {
			isa = PBXFrameworksBuildPhase;
			buildActionMask = 2147483647;
			files = (
			);
			runOnlyForDeploymentPostprocessing = 0;
		};
/* End PBXFrameworksBuildPhase section */

/* Begin PBXGroup section */
		134B4C0F25A32FCE00395247 = {
			isa = PBXGroup;
			children = (
				134B4C1A25A32FCE00395247 /* eggplant-brownie */,
				134B4C1925A32FCE00395247 /* Products */,
			);
			sourceTree = "<group>";
		};
		134B4C1925A32FCE00395247 /* Products */ = {
			isa = PBXGroup;
			children = (
				134B4C1825A32FCE00395247 /* eggplant-brownie.app */,
			);
			name = Products;
			sourceTree = "<group>";
		};
		134B4C1A25A32FCE00395247 /* eggplant-brownie */ = {
			isa = PBXGroup;
			children = (
				134B4C1B25A32FCE00395247 /* AppDelegate.swift */,
				134B4C3425A380DF00395247 /* Models */,
				134B4C3625A3813400395247 /* View */,
				134B4C3525A380FF00395247 /* Controllers */,
				134B4C2425A32FD000395247 /* Assets.xcassets */,
				134B4C1D25A32FCE00395247 /* SceneDelegate.swift */,
				134B4C2F25A34C9E00395247 /* MyPlayground.playground */,
				134B4C2625A32FD000395247 /* LaunchScreen.storyboard */,
				134B4C2925A32FD000395247 /* Info.plist */,
			);
			path = "eggplant-brownie";
			sourceTree = "<group>";
		};
		134B4C3425A380DF00395247 /* Models */ = {
			isa = PBXGroup;
			children = (
				134B4C3225A3802000395247 /* Item.swift */,
				134B4C3025A37F3800395247 /* Refeicao.swift */,
			);
			path = Models;
			sourceTree = "<group>";
		};
		134B4C3525A380FF00395247 /* Controllers */ = {
			isa = PBXGroup;
			children = (
				134B4C1F25A32FCE00395247 /* ViewController.swift */,
			);
			path = Controllers;
			sourceTree = "<group>";
		};
		134B4C3625A3813400395247 /* View */ = {
			isa = PBXGroup;
			children = (
				134B4C2125A32FCE00395247 /* Main.storyboard */,
			);
			path = View;
			sourceTree = "<group>";
		};
/* End PBXGroup section */

/* Begin PBXNativeTarget section */
		134B4C1725A32FCE00395247 /* eggplant-brownie */ = {
			isa = PBXNativeTarget;
			buildConfigurationList = 134B4C2C25A32FD000395247 /* Build configuration list for PBXNativeTarget "eggplant-brownie" */;
			buildPhases = (
				134B4C1425A32FCE00395247 /* Sources */,
				134B4C1525A32FCE00395247 /* Frameworks */,
				134B4C1625A32FCE00395247 /* Resources */,
			);
			buildRules = (
			);
			dependencies = (
			);
			name = "eggplant-brownie";
			productName = "eggplant-brownie";
			productReference = 134B4C1825A32FCE00395247 /* eggplant-brownie.app */;
			productType = "com.apple.product-type.application";
		};
/* End PBXNativeTarget section */

/* Begin PBXProject section */
		134B4C1025A32FCE00395247 /* Project object */ = {
			isa = PBXProject;
			attributes = {
				LastSwiftUpdateCheck = 1130;
				LastUpgradeCheck = 1130;
				ORGANIZATIONNAME = "Joao Queiroz";
				TargetAttributes = {
					134B4C1725A32FCE00395247 = {
						CreatedOnToolsVersion = 11.3.1;
					};
				};
			};
			buildConfigurationList = 134B4C1325A32FCE00395247 /* Build configuration list for PBXProject "eggplant-brownie" */;
			compatibilityVersion = "Xcode 9.3";
			developmentRegion = en;
			hasScannedForEncodings = 0;
			knownRegions = (
				en,
				Base,
			);
			mainGroup = 134B4C0F25A32FCE00395247;
			productRefGroup = 134B4C1925A32FCE00395247 /* Products */;
			projectDirPath = "";
			projectRoot = "";
			targets = (
				134B4C1725A32FCE00395247 /* eggplant-brownie */,
			);
		};
/* End PBXProject section */

/* Begin PBXResourcesBuildPhase section */
		134B4C1625A32FCE00395247 /* Resources */ = {
			isa = PBXResourcesBuildPhase;
			buildActionMask = 2147483647;
			files = (
				134B4C2825A32FD000395247 /* LaunchScreen.storyboard in Resources */,
				134B4C2525A32FD000395247 /* Assets.xcassets in Resources */,
				134B4C2325A32FCE00395247 /* Main.storyboard in Resources */,
			);
			runOnlyForDeploymentPostprocessing = 0;
		};
/* End PBXResourcesBuildPhase section */

/* Begin PBXSourcesBuildPhase section */
		134B4C1425A32FCE00395247 /* Sources */ = {
			isa = PBXSourcesBuildPhase;
			buildActionMask = 2147483647;
			files = (
				134B4C3325A3802000395247 /* Item.swift in Sources */,
				134B4C2025A32FCE00395247 /* ViewController.swift in Sources */,
				134B4C1C25A32FCE00395247 /* AppDelegate.swift in Sources */,
				134B4C1E25A32FCE00395247 /* SceneDelegate.swift in Sources */,
				134B4C3125A37F3800395247 /* Refeicao.swift in Sources */,
			);
			runOnlyForDeploymentPostprocessing = 0;
		};
/* End PBXSourcesBuildPhase section */

/* Begin PBXVariantGroup section */
		134B4C2125A32FCE00395247 /* Main.storyboard */ = {
			isa = PBXVariantGroup;
			children = (
				134B4C2225A32FCE00395247 /* Base */,
			);
			name = Main.storyboard;
			sourceTree = "<group>";
		};
		134B4C2625A32FD000395247 /* LaunchScreen.storyboard */ = {
			isa = PBXVariantGroup;
			children = (
				134B4C2725A32FD000395247 /* Base */,
			);
			name = LaunchScreen.storyboard;
			sourceTree = "<group>";
		};
/* End PBXVariantGroup section */

/* Begin XCBuildConfiguration section */
		134B4C2A25A32FD000395247 /* Debug */ = {
			isa = XCBuildConfiguration;
			buildSettings = {
				ALWAYS_SEARCH_USER_PATHS = NO;
				CLANG_ANALYZER_NONNULL = YES;
				CLANG_ANALYZER_NUMBER_OBJECT_CONVERSION = YES_AGGRESSIVE;
				CLANG_CXX_LANGUAGE_STANDARD = "gnu++14";
				CLANG_CXX_LIBRARY = "libc++";
				CLANG_ENABLE_MODULES = YES;
				CLANG_ENABLE_OBJC_ARC = YES;
				CLANG_ENABLE_OBJC_WEAK = YES;
				CLANG_WARN_BLOCK_CAPTURE_AUTORELEASING = YES;
				CLANG_WARN_BOOL_CONVERSION = YES;
				CLANG_WARN_COMMA = YES;
				CLANG_WARN_CONSTANT_CONVERSION = YES;
				CLANG_WARN_DEPRECATED_OBJC_IMPLEMENTATIONS = YES;
				CLANG_WARN_DIRECT_OBJC_ISA_USAGE = YES_ERROR;
				CLANG_WARN_DOCUMENTATION_COMMENTS = YES;
				CLANG_WARN_EMPTY_BODY = YES;
				CLANG_WARN_ENUM_CONVERSION = YES;
				CLANG_WARN_INFINITE_RECURSION = YES;
				CLANG_WARN_INT_CONVERSION = YES;
				CLANG_WARN_NON_LITERAL_NULL_CONVERSION = YES;
				CLANG_WARN_OBJC_IMPLICIT_RETAIN_SELF = YES;
				CLANG_WARN_OBJC_LITERAL_CONVERSION = YES;
				CLANG_WARN_OBJC_ROOT_CLASS = YES_ERROR;
				CLANG_WARN_RANGE_LOOP_ANALYSIS = YES;
				CLANG_WARN_STRICT_PROTOTYPES = YES;
				CLANG_WARN_SUSPICIOUS_MOVE = YES;
				CLANG_WARN_UNGUARDED_AVAILABILITY = YES_AGGRESSIVE;
				CLANG_WARN_UNREACHABLE_CODE = YES;
				CLANG_WARN__DUPLICATE_METHOD_MATCH = YES;
				COPY_PHASE_STRIP = NO;
				DEBUG_INFORMATION_FORMAT = dwarf;
				ENABLE_STRICT_OBJC_MSGSEND = YES;
				ENABLE_TESTABILITY = YES;
				GCC_C_LANGUAGE_STANDARD = gnu11;
				GCC_DYNAMIC_NO_PIC = NO;
				GCC_NO_COMMON_BLOCKS = YES;
				GCC_OPTIMIZATION_LEVEL = 0;
				GCC_PREPROCESSOR_DEFINITIONS = (
					"DEBUG=1",
					"$(inherited)",
				);
				GCC_WARN_64_TO_32_BIT_CONVERSION = YES;
				GCC_WARN_ABOUT_RETURN_TYPE = YES_ERROR;
				GCC_WARN_UNDECLARED_SELECTOR = YES;
				GCC_WARN_UNINITIALIZED_AUTOS = YES_AGGRESSIVE;
				GCC_WARN_UNUSED_FUNCTION = YES;
				GCC_WARN_UNUSED_VARIABLE = YES;
				IPHONEOS_DEPLOYMENT_TARGET = 13.2;
				MTL_ENABLE_DEBUG_INFO = INCLUDE_SOURCE;
				MTL_FAST_MATH = YES;
				ONLY_ACTIVE_ARCH = YES;
				SDKROOT = iphoneos;
				SWIFT_ACTIVE_COMPILATION_CONDITIONS = DEBUG;
				SWIFT_OPTIMIZATION_LEVEL = "-Onone";
			};
			name = Debug;
		};
		134B4C2B25A32FD000395247 /* Release */ = {
			isa = XCBuildConfiguration;
			buildSettings = {
				ALWAYS_SEARCH_USER_PATHS = NO;
				CLANG_ANALYZER_NONNULL = YES;
				CLANG_ANALYZER_NUMBER_OBJECT_CONVERSION = YES_AGGRESSIVE;
				CLANG_CXX_LANGUAGE_STANDARD = "gnu++14";
				CLANG_CXX_LIBRARY = "libc++";
				CLANG_ENABLE_MODULES = YES;
				CLANG_ENABLE_OBJC_ARC = YES;
				CLANG_ENABLE_OBJC_WEAK = YES;
				CLANG_WARN_BLOCK_CAPTURE_AUTORELEASING = YES;
				CLANG_WARN_BOOL_CONVERSION = YES;
				CLANG_WARN_COMMA = YES;
				CLANG_WARN_CONSTANT_CONVERSION = YES;
				CLANG_WARN_DEPRECATED_OBJC_IMPLEMENTATIONS = YES;
				CLANG_WARN_DIRECT_OBJC_ISA_USAGE = YES_ERROR;
				CLANG_WARN_DOCUMENTATION_COMMENTS = YES;
				CLANG_WARN_EMPTY_BODY = YES;
				CLANG_WARN_ENUM_CONVERSION = YES;
				CLANG_WARN_INFINITE_RECURSION = YES;
				CLANG_WARN_INT_CONVERSION = YES;
				CLANG_WARN_NON_LITERAL_NULL_CONVERSION = YES;
				CLANG_WARN_OBJC_IMPLICIT_RETAIN_SELF = YES;
				CLANG_WARN_OBJC_LITERAL_CONVERSION = YES;
				CLANG_WARN_OBJC_ROOT_CLASS = YES_ERROR;
				CLANG_WARN_RANGE_LOOP_ANALYSIS = YES;
				CLANG_WARN_STRICT_PROTOTYPES = YES;
				CLANG_WARN_SUSPICIOUS_MOVE = YES;
				CLANG_WARN_UNGUARDED_AVAILABILITY = YES_AGGRESSIVE;
				CLANG_WARN_UNREACHABLE_CODE = YES;
				CLANG_WARN__DUPLICATE_METHOD_MATCH = YES;
				COPY_PHASE_STRIP = NO;
				DEBUG_INFORMATION_FORMAT = "dwarf-with-dsym";
				ENABLE_NS_ASSERTIONS = NO;
				ENABLE_STRICT_OBJC_MSGSEND = YES;
				GCC_C_LANGUAGE_STANDARD = gnu11;
				GCC_NO_COMMON_BLOCKS = YES;
				GCC_WARN_64_TO_32_BIT_CONVERSION = YES;
				GCC_WARN_ABOUT_RETURN_TYPE = YES_ERROR;
				GCC_WARN_UNDECLARED_SELECTOR = YES;
				GCC_WARN_UNINITIALIZED_AUTOS = YES_AGGRESSIVE;
				GCC_WARN_UNUSED_FUNCTION = YES;
				GCC_WARN_UNUSED_VARIABLE = YES;
				IPHONEOS_DEPLOYMENT_TARGET = 13.2;
				MTL_ENABLE_DEBUG_INFO = NO;
				MTL_FAST_MATH = YES;
				SDKROOT = iphoneos;
				SWIFT_COMPILATION_MODE = wholemodule;
				SWIFT_OPTIMIZATION_LEVEL = "-O";
				VALIDATE_PRODUCT = YES;
			};
			name = Release;
		};
		134B4C2D25A32FD000395247 /* Debug */ = {
			isa = XCBuildConfiguration;
			buildSettings = {
				ASSETCATALOG_COMPILER_APPICON_NAME = AppIcon;
				CODE_SIGN_STYLE = Automatic;
				INFOPLIST_FILE = "eggplant-brownie/Info.plist";
				LD_RUNPATH_SEARCH_PATHS = (
					"$(inherited)",
					"@executable_path/Frameworks",
				);
				PRODUCT_BUNDLE_IDENTIFIER = "br.com.joaopqz.eggplant-brownie";
				PRODUCT_NAME = "$(TARGET_NAME)";
				SWIFT_VERSION = 5.0;
				TARGETED_DEVICE_FAMILY = "1,2";
			};
			name = Debug;
		};
		134B4C2E25A32FD000395247 /* Release */ = {
			isa = XCBuildConfiguration;
			buildSettings = {
				ASSETCATALOG_COMPILER_APPICON_NAME = AppIcon;
				CODE_SIGN_STYLE = Automatic;
				INFOPLIST_FILE = "eggplant-brownie/Info.plist";
				LD_RUNPATH_SEARCH_PATHS = (
					"$(inherited)",
					"@executable_path/Frameworks",
				);
				PRODUCT_BUNDLE_IDENTIFIER = "br.com.joaopqz.eggplant-brownie";
				PRODUCT_NAME = "$(TARGET_NAME)";
				SWIFT_VERSION = 5.0;
				TARGETED_DEVICE_FAMILY = "1,2";
			};
			name = Release;
		};
/* End XCBuildConfiguration section */

/* Begin XCConfigurationList section */
		134B4C1325A32FCE00395247 /* Build configuration list for PBXProject "eggplant-brownie" */ = {
			isa = XCConfigurationList;
			buildConfigurations = (
				134B4C2A25A32FD000395247 /* Debug */,
				134B4C2B25A32FD000395247 /* Release */,
			);
			defaultConfigurationIsVisible = 0;
			defaultConfigurationName = Release;
		};
		134B4C2C25A32FD000395247 /* Build configuration list for PBXNativeTarget "eggplant-brownie" */ = {
			isa = XCConfigurationList;
			buildConfigurations = (
				134B4C2D25A32FD000395247 /* Debug */,
				134B4C2E25A32FD000395247 /* Release */,
			);
			defaultConfigurationIsVisible = 0;
			defaultConfigurationName = Release;
		};
/* End XCConfigurationList section */
	};
	rootObject = 134B4C1025A32FCE00395247 /* Project object */;
}
